// !$*UTF8*$!
{
	archiveVersion = 1;
	classes = {
	};
	objectVersion = 55;
	objects = {

/* Begin PBXBuildFile section */
		1FBBFBC05BC76AAA737C805D /* Pods_Models.framework in Frameworks */ = {isa = PBXBuildFile; fileRef = 9030D430CA9ED11C7D95A927 /* Pods_Models.framework */; };
		D70D5BE4284CAF730087E47F /* ContactCellModel.swift in Sources */ = {isa = PBXBuildFile; fileRef = D70D5BE3284CAF730087E47F /* ContactCellModel.swift */; };
		D7113924286DAF7200593281 /* SettingsCellModel.swift in Sources */ = {isa = PBXBuildFile; fileRef = D7113923286DAF7200593281 /* SettingsCellModel.swift */; };
		D71DEA8D28435303000F4B1F /* CDChatUser+CoreDataProperties.swift in Sources */ = {isa = PBXBuildFile; fileRef = D71DEA8B28435303000F4B1F /* CDChatUser+CoreDataProperties.swift */; };
		D71DEA8E28435303000F4B1F /* CDChatUser+CoreDataClass.swift in Sources */ = {isa = PBXBuildFile; fileRef = D71DEA8C28435303000F4B1F /* CDChatUser+CoreDataClass.swift */; };
		D727158C283F84530036BDE7 /* MyChat.xcdatamodeld in Sources */ = {isa = PBXBuildFile; fileRef = D727158A283F84530036BDE7 /* MyChat.xcdatamodeld */; };
		D72A4C3928449CA000DAF2F6 /* ChatUser.swift in Sources */ = {isa = PBXBuildFile; fileRef = D72A4C3828449CA000DAF2F6 /* ChatUser.swift */; };
		D72A4C3B284610BA00DAF2F6 /* ReceivedMessage.swift in Sources */ = {isa = PBXBuildFile; fileRef = D72A4C3A284610BA00DAF2F6 /* ReceivedMessage.swift */; };
		D72A4C3D284616A900DAF2F6 /* Target.swift in Sources */ = {isa = PBXBuildFile; fileRef = D72A4C3C284616A900DAF2F6 /* Target.swift */; };
		D7334452280C0441007B1F37 /* DataSourceForViewControllers.swift in Sources */ = {isa = PBXBuildFile; fileRef = D7334451280C0441007B1F37 /* DataSourceForViewControllers.swift */; };
		D75FD6E02801D285001B1359 /* AppConfig.swift in Sources */ = {isa = PBXBuildFile; fileRef = D75FD6D72801D285001B1359 /* AppConfig.swift */; };
		D7995766283F9F1D00B7B9C2 /* ChatCellModel.swift in Sources */ = {isa = PBXBuildFile; fileRef = D7995765283F9F1D00B7B9C2 /* ChatCellModel.swift */; };
		D7B20C712823A1EF00C4E1A1 /* CDMessage+CoreDataClass.swift in Sources */ = {isa = PBXBuildFile; fileRef = D7B20C692823A1EF00C4E1A1 /* CDMessage+CoreDataClass.swift */; };
		D7B20C722823A1EF00C4E1A1 /* CDChat+CoreDataClass.swift in Sources */ = {isa = PBXBuildFile; fileRef = D7B20C6A2823A1EF00C4E1A1 /* CDChat+CoreDataClass.swift */; };
		D7C63AAE28996FA800FA9C15 /* CDChat+CoreDataProperties.swift in Sources */ = {isa = PBXBuildFile; fileRef = D7C63AAD28996FA800FA9C15 /* CDChat+CoreDataProperties.swift */; };
		D7C63AB028996FD200FA9C15 /* CDMessage+CoreDataProperties.swift in Sources */ = {isa = PBXBuildFile; fileRef = D7C63AAF28996FD200FA9C15 /* CDMessage+CoreDataProperties.swift */; };
		D7CE07E42870A2B500F4A735 /* ProfileCellModel.swift in Sources */ = {isa = PBXBuildFile; fileRef = D7CE07E32870A2B500F4A735 /* ProfileCellModel.swift */; };
		D7CE07E82874622200F4A735 /* MessageCellModel.swift in Sources */ = {isa = PBXBuildFile; fileRef = D7CE07E72874622200F4A735 /* MessageCellModel.swift */; };
		D7D06B832822B5990061EA01 /* MessageAction.swift in Sources */ = {isa = PBXBuildFile; fileRef = D7D06B822822B5990061EA01 /* MessageAction.swift */; };
		D7E7B3E928507E35003FCC87 /* MessagePosition.swift in Sources */ = {isa = PBXBuildFile; fileRef = D7E7B3E828507E35003FCC87 /* MessagePosition.swift */; };
		D7E7BD0328256674008CB795 /* Logger.framework in Frameworks */ = {isa = PBXBuildFile; fileRef = D7E7BD0228256674008CB795 /* Logger.framework */; };
		D7FA5AEC284104EB0083290E /* CDTarget+CoreDataProperties.swift in Sources */ = {isa = PBXBuildFile; fileRef = D7FA5AEA284104EB0083290E /* CDTarget+CoreDataProperties.swift */; };
		D7FA5AED284104EB0083290E /* CDTarget+CoreDataClass.swift in Sources */ = {isa = PBXBuildFile; fileRef = D7FA5AEB284104EB0083290E /* CDTarget+CoreDataClass.swift */; };
/* End PBXBuildFile section */

/* Begin PBXFileReference section */
		2457AACD338ED4D1E385CAB6 /* Pods-Models.debug.xcconfig */ = {isa = PBXFileReference; includeInIndex = 1; lastKnownFileType = text.xcconfig; name = "Pods-Models.debug.xcconfig"; path = "Target Support Files/Pods-Models/Pods-Models.debug.xcconfig"; sourceTree = "<group>"; };
		41CF37F22E4A2D641528325B /* Pods-Models.release.xcconfig */ = {isa = PBXFileReference; includeInIndex = 1; lastKnownFileType = text.xcconfig; name = "Pods-Models.release.xcconfig"; path = "Target Support Files/Pods-Models/Pods-Models.release.xcconfig"; sourceTree = "<group>"; };
		9030D430CA9ED11C7D95A927 /* Pods_Models.framework */ = {isa = PBXFileReference; explicitFileType = wrapper.framework; includeInIndex = 0; path = Pods_Models.framework; sourceTree = BUILT_PRODUCTS_DIR; };
		D70D5BE3284CAF730087E47F /* ContactCellModel.swift */ = {isa = PBXFileReference; lastKnownFileType = sourcecode.swift; path = ContactCellModel.swift; sourceTree = "<group>"; };
		D7113923286DAF7200593281 /* SettingsCellModel.swift */ = {isa = PBXFileReference; lastKnownFileType = sourcecode.swift; path = SettingsCellModel.swift; sourceTree = "<group>"; };
		D71DEA8B28435303000F4B1F /* CDChatUser+CoreDataProperties.swift */ = {isa = PBXFileReference; fileEncoding = 4; lastKnownFileType = sourcecode.swift; path = "CDChatUser+CoreDataProperties.swift"; sourceTree = "<group>"; };
		D71DEA8C28435303000F4B1F /* CDChatUser+CoreDataClass.swift */ = {isa = PBXFileReference; fileEncoding = 4; lastKnownFileType = sourcecode.swift; path = "CDChatUser+CoreDataClass.swift"; sourceTree = "<group>"; };
		D727158B283F84530036BDE7 /* MyChat.xcdatamodel */ = {isa = PBXFileReference; lastKnownFileType = wrapper.xcdatamodel; path = MyChat.xcdatamodel; sourceTree = "<group>"; };
		D72A4C3828449CA000DAF2F6 /* ChatUser.swift */ = {isa = PBXFileReference; lastKnownFileType = sourcecode.swift; path = ChatUser.swift; sourceTree = "<group>"; };
		D72A4C3A284610BA00DAF2F6 /* ReceivedMessage.swift */ = {isa = PBXFileReference; lastKnownFileType = sourcecode.swift; path = ReceivedMessage.swift; sourceTree = "<group>"; };
		D72A4C3C284616A900DAF2F6 /* Target.swift */ = {isa = PBXFileReference; lastKnownFileType = sourcecode.swift; path = Target.swift; sourceTree = "<group>"; };
		D7334451280C0441007B1F37 /* DataSourceForViewControllers.swift */ = {isa = PBXFileReference; lastKnownFileType = sourcecode.swift; path = DataSourceForViewControllers.swift; sourceTree = "<group>"; };
		D75FD68F2801D20B001B1359 /* Models.framework */ = {isa = PBXFileReference; explicitFileType = wrapper.framework; includeInIndex = 0; path = Models.framework; sourceTree = BUILT_PRODUCTS_DIR; };
		D75FD6D72801D285001B1359 /* AppConfig.swift */ = {isa = PBXFileReference; fileEncoding = 4; lastKnownFileType = sourcecode.swift; path = AppConfig.swift; sourceTree = "<group>"; };
		D7995765283F9F1D00B7B9C2 /* ChatCellModel.swift */ = {isa = PBXFileReference; lastKnownFileType = sourcecode.swift; path = ChatCellModel.swift; sourceTree = "<group>"; };
		D7B20C692823A1EF00C4E1A1 /* CDMessage+CoreDataClass.swift */ = {isa = PBXFileReference; fileEncoding = 4; lastKnownFileType = sourcecode.swift; path = "CDMessage+CoreDataClass.swift"; sourceTree = "<group>"; };
		D7B20C6A2823A1EF00C4E1A1 /* CDChat+CoreDataClass.swift */ = {isa = PBXFileReference; fileEncoding = 4; lastKnownFileType = sourcecode.swift; path = "CDChat+CoreDataClass.swift"; sourceTree = "<group>"; };
		D7C63AAD28996FA800FA9C15 /* CDChat+CoreDataProperties.swift */ = {isa = PBXFileReference; lastKnownFileType = sourcecode.swift; path = "CDChat+CoreDataProperties.swift"; sourceTree = "<group>"; };
		D7C63AAF28996FD200FA9C15 /* CDMessage+CoreDataProperties.swift */ = {isa = PBXFileReference; lastKnownFileType = sourcecode.swift; path = "CDMessage+CoreDataProperties.swift"; sourceTree = "<group>"; };
		D7CE07E32870A2B500F4A735 /* ProfileCellModel.swift */ = {isa = PBXFileReference; lastKnownFileType = sourcecode.swift; path = ProfileCellModel.swift; sourceTree = "<group>"; };
		D7CE07E72874622200F4A735 /* MessageCellModel.swift */ = {isa = PBXFileReference; lastKnownFileType = sourcecode.swift; path = MessageCellModel.swift; sourceTree = "<group>"; };
		D7D06B822822B5990061EA01 /* MessageAction.swift */ = {isa = PBXFileReference; lastKnownFileType = sourcecode.swift; path = MessageAction.swift; sourceTree = "<group>"; };
		D7E7B3E828507E35003FCC87 /* MessagePosition.swift */ = {isa = PBXFileReference; lastKnownFileType = sourcecode.swift; path = MessagePosition.swift; sourceTree = "<group>"; };
		D7E7BD0228256674008CB795 /* Logger.framework */ = {isa = PBXFileReference; explicitFileType = wrapper.framework; path = Logger.framework; sourceTree = BUILT_PRODUCTS_DIR; };
		D7FA5AEA284104EB0083290E /* CDTarget+CoreDataProperties.swift */ = {isa = PBXFileReference; fileEncoding = 4; lastKnownFileType = sourcecode.swift; path = "CDTarget+CoreDataProperties.swift"; sourceTree = "<group>"; };
		D7FA5AEB284104EB0083290E /* CDTarget+CoreDataClass.swift */ = {isa = PBXFileReference; fileEncoding = 4; lastKnownFileType = sourcecode.swift; path = "CDTarget+CoreDataClass.swift"; sourceTree = "<group>"; };
/* End PBXFileReference section */

/* Begin PBXFrameworksBuildPhase section */
		D75FD68C2801D20B001B1359 /* Frameworks */ = {
			isa = PBXFrameworksBuildPhase;
			buildActionMask = 2147483647;
			files = (
				D7E7BD0328256674008CB795 /* Logger.framework in Frameworks */,
				1FBBFBC05BC76AAA737C805D /* Pods_Models.framework in Frameworks */,
			);
			runOnlyForDeploymentPostprocessing = 0;
		};
/* End PBXFrameworksBuildPhase section */

/* Begin PBXGroup section */
		392D8C6765B34F7E483FFEF0 /* Pods */ = {
			isa = PBXGroup;
			children = (
				2457AACD338ED4D1E385CAB6 /* Pods-Models.debug.xcconfig */,
				41CF37F22E4A2D641528325B /* Pods-Models.release.xcconfig */,
			);
			name = Pods;
			path = ../../Pods;
			sourceTree = "<group>";
		};
		D71DEA8A28435303000F4B1F /* ChatUser */ = {
			isa = PBXGroup;
			children = (
				D71DEA8C28435303000F4B1F /* CDChatUser+CoreDataClass.swift */,
				D71DEA8B28435303000F4B1F /* CDChatUser+CoreDataProperties.swift */,
			);
			path = ChatUser;
			sourceTree = "<group>";
		};
		D75FD6852801D20B001B1359 = {
			isa = PBXGroup;
			children = (
				D7CE07EE288062FD00F4A735 /* CellsModels */,
				D7D06B822822B5990061EA01 /* MessageAction.swift */,
				D7E7B3E828507E35003FCC87 /* MessagePosition.swift */,
				D7D06B882822B7420061EA01 /* CoreData */,
				D7D06B1A2822A5640061EA01 /* Entities */,
				D75FD6D32801D285001B1359 /* ConfigModels */,
				D75FD6902801D20B001B1359 /* Products */,
				D7E7BD0128256674008CB795 /* Frameworks */,
				392D8C6765B34F7E483FFEF0 /* Pods */,
			);
			sourceTree = "<group>";
		};
		D75FD6902801D20B001B1359 /* Products */ = {
			isa = PBXGroup;
			children = (
				D75FD68F2801D20B001B1359 /* Models.framework */,
			);
			name = Products;
			sourceTree = "<group>";
		};
		D75FD6D32801D285001B1359 /* ConfigModels */ = {
			isa = PBXGroup;
			children = (
				D7334451280C0441007B1F37 /* DataSourceForViewControllers.swift */,
				D75FD6D72801D285001B1359 /* AppConfig.swift */,
			);
			path = ConfigModels;
			sourceTree = "<group>";
		};
		D7B20C762823A28C00C4E1A1 /* Message */ = {
			isa = PBXGroup;
			children = (
				D7B20C692823A1EF00C4E1A1 /* CDMessage+CoreDataClass.swift */,
				D7C63AAF28996FD200FA9C15 /* CDMessage+CoreDataProperties.swift */,
			);
			path = Message;
			sourceTree = "<group>";
		};
		D7B20C782823A2F900C4E1A1 /* Chat */ = {
			isa = PBXGroup;
			children = (
				D7B20C6A2823A1EF00C4E1A1 /* CDChat+CoreDataClass.swift */,
				D7C63AAD28996FA800FA9C15 /* CDChat+CoreDataProperties.swift */,
				D7B20C762823A28C00C4E1A1 /* Message */,
			);
			path = Chat;
			sourceTree = "<group>";
		};
		D7CE07EE288062FD00F4A735 /* CellsModels */ = {
			isa = PBXGroup;
			children = (
				D7113923286DAF7200593281 /* SettingsCellModel.swift */,
				D7CE07E72874622200F4A735 /* MessageCellModel.swift */,
				D7CE07E32870A2B500F4A735 /* ProfileCellModel.swift */,
			);
			path = CellsModels;
			sourceTree = "<group>";
		};
		D7D06B1A2822A5640061EA01 /* Entities */ = {
			isa = PBXGroup;
			children = (
				D7995765283F9F1D00B7B9C2 /* ChatCellModel.swift */,
				D70D5BE3284CAF730087E47F /* ContactCellModel.swift */,
				D72A4C3828449CA000DAF2F6 /* ChatUser.swift */,
				D72A4C3A284610BA00DAF2F6 /* ReceivedMessage.swift */,
				D72A4C3C284616A900DAF2F6 /* Target.swift */,
			);
			path = Entities;
			sourceTree = "<group>";
		};
		D7D06B882822B7420061EA01 /* CoreData */ = {
			isa = PBXGroup;
			children = (
				D727158A283F84530036BDE7 /* MyChat.xcdatamodeld */,
				D71DEA8A28435303000F4B1F /* ChatUser */,
				D7FA5AE52840E6540083290E /* Target */,
				D7B20C782823A2F900C4E1A1 /* Chat */,
			);
			path = CoreData;
			sourceTree = "<group>";
		};
		D7E7BD0128256674008CB795 /* Frameworks */ = {
			isa = PBXGroup;
			children = (
				D7E7BD0228256674008CB795 /* Logger.framework */,
				9030D430CA9ED11C7D95A927 /* Pods_Models.framework */,
			);
			name = Frameworks;
			sourceTree = "<group>";
		};
		D7FA5AE52840E6540083290E /* Target */ = {
			isa = PBXGroup;
			children = (
				D7FA5AEB284104EB0083290E /* CDTarget+CoreDataClass.swift */,
				D7FA5AEA284104EB0083290E /* CDTarget+CoreDataProperties.swift */,
			);
			path = Target;
			sourceTree = "<group>";
		};
/* End PBXGroup section */

/* Begin PBXHeadersBuildPhase section */
		D75FD68A2801D20B001B1359 /* Headers */ = {
			isa = PBXHeadersBuildPhase;
			buildActionMask = 2147483647;
			files = (
			);
			runOnlyForDeploymentPostprocessing = 0;
		};
/* End PBXHeadersBuildPhase section */

/* Begin PBXNativeTarget section */
		D75FD68E2801D20B001B1359 /* Models */ = {
			isa = PBXNativeTarget;
			buildConfigurationList = D75FD6962801D20B001B1359 /* Build configuration list for PBXNativeTarget "Models" */;
			buildPhases = (
				AAD63E36E3AB094FCBF4D248 /* [CP] Check Pods Manifest.lock */,
				D75FD68A2801D20B001B1359 /* Headers */,
				D7317A9C281A7A9A00CFB130 /* SwiftLint */,
				D75FD68B2801D20B001B1359 /* Sources */,
				D75FD68C2801D20B001B1359 /* Frameworks */,
				D75FD68D2801D20B001B1359 /* Resources */,
			);
			buildRules = (
			);
			dependencies = (
			);
			name = Models;
			productName = Models;
			productReference = D75FD68F2801D20B001B1359 /* Models.framework */;
			productType = "com.apple.product-type.framework";
		};
/* End PBXNativeTarget section */

/* Begin PBXProject section */
		D75FD6862801D20B001B1359 /* Project object */ = {
			isa = PBXProject;
			attributes = {
				BuildIndependentTargetsInParallel = 1;
				LastUpgradeCheck = 1330;
				TargetAttributes = {
					D75FD68E2801D20B001B1359 = {
						CreatedOnToolsVersion = 13.3;
					};
				};
			};
			buildConfigurationList = D75FD6892801D20B001B1359 /* Build configuration list for PBXProject "Models" */;
			compatibilityVersion = "Xcode 13.0";
			developmentRegion = en;
			hasScannedForEncodings = 0;
			knownRegions = (
				en,
				Base,
			);
			mainGroup = D75FD6852801D20B001B1359;
			productRefGroup = D75FD6902801D20B001B1359 /* Products */;
			projectDirPath = "";
			projectRoot = "";
			targets = (
				D75FD68E2801D20B001B1359 /* Models */,
			);
		};
/* End PBXProject section */

/* Begin PBXResourcesBuildPhase section */
		D75FD68D2801D20B001B1359 /* Resources */ = {
			isa = PBXResourcesBuildPhase;
			buildActionMask = 2147483647;
			files = (
			);
			runOnlyForDeploymentPostprocessing = 0;
		};
/* End PBXResourcesBuildPhase section */

/* Begin PBXShellScriptBuildPhase section */
		AAD63E36E3AB094FCBF4D248 /* [CP] Check Pods Manifest.lock */ = {
			isa = PBXShellScriptBuildPhase;
			buildActionMask = 2147483647;
			files = (
			);
			inputFileListPaths = (
			);
			inputPaths = (
				"${PODS_PODFILE_DIR_PATH}/Podfile.lock",
				"${PODS_ROOT}/Manifest.lock",
			);
			name = "[CP] Check Pods Manifest.lock";
			outputFileListPaths = (
			);
			outputPaths = (
				"$(DERIVED_FILE_DIR)/Pods-Models-checkManifestLockResult.txt",
			);
			runOnlyForDeploymentPostprocessing = 0;
			shellPath = /bin/sh;
			shellScript = "diff \"${PODS_PODFILE_DIR_PATH}/Podfile.lock\" \"${PODS_ROOT}/Manifest.lock\" > /dev/null\nif [ $? != 0 ] ; then\n    # print error to STDERR\n    echo \"error: The sandbox is not in sync with the Podfile.lock. Run 'pod install' or update your CocoaPods installation.\" >&2\n    exit 1\nfi\n# This output is used by Xcode 'outputs' to avoid re-running this script phase.\necho \"SUCCESS\" > \"${SCRIPT_OUTPUT_FILE_0}\"\n";
			showEnvVarsInLog = 0;
		};
		D7317A9C281A7A9A00CFB130 /* SwiftLint */ = {
			isa = PBXShellScriptBuildPhase;
			alwaysOutOfDate = 1;
			buildActionMask = 2147483647;
			files = (
			);
			inputFileListPaths = (
			);
			inputPaths = (
			);
			name = SwiftLint;
			outputFileListPaths = (
			);
			outputPaths = (
			);
			runOnlyForDeploymentPostprocessing = 0;
			shellPath = /bin/sh;
			shellScript = "if which \"${PODS_ROOT}/SwiftLint/swiftlint\" >/dev/null; then\n    ${PODS_ROOT}/SwiftLint/swiftlint\nelse\n    echo \"warning: SwiftLint not installed, download from https://github.com/realm/SwiftLint\"\nfi\n";
		};
/* End PBXShellScriptBuildPhase section */

/* Begin PBXSourcesBuildPhase section */
		D75FD68B2801D20B001B1359 /* Sources */ = {
			isa = PBXSourcesBuildPhase;
			buildActionMask = 2147483647;
			files = (
				D7334452280C0441007B1F37 /* DataSourceForViewControllers.swift in Sources */,
				D7D06B832822B5990061EA01 /* MessageAction.swift in Sources */,
				D71DEA8E28435303000F4B1F /* CDChatUser+CoreDataClass.swift in Sources */,
				D7995766283F9F1D00B7B9C2 /* ChatCellModel.swift in Sources */,
				D7B20C712823A1EF00C4E1A1 /* CDMessage+CoreDataClass.swift in Sources */,
				D7C63AAE28996FA800FA9C15 /* CDChat+CoreDataProperties.swift in Sources */,
				D7CE07E82874622200F4A735 /* MessageCellModel.swift in Sources */,
				D70D5BE4284CAF730087E47F /* ContactCellModel.swift in Sources */,
				D72A4C3D284616A900DAF2F6 /* Target.swift in Sources */,
				D71DEA8D28435303000F4B1F /* CDChatUser+CoreDataProperties.swift in Sources */,
				D7FA5AED284104EB0083290E /* CDTarget+CoreDataClass.swift in Sources */,
				D75FD6E02801D285001B1359 /* AppConfig.swift in Sources */,
				D7113924286DAF7200593281 /* SettingsCellModel.swift in Sources */,
				D72A4C3928449CA000DAF2F6 /* ChatUser.swift in Sources */,
				D7B20C722823A1EF00C4E1A1 /* CDChat+CoreDataClass.swift in Sources */,
				D7E7B3E928507E35003FCC87 /* MessagePosition.swift in Sources */,
				D7C63AB028996FD200FA9C15 /* CDMessage+CoreDataProperties.swift in Sources */,
				D7FA5AEC284104EB0083290E /* CDTarget+CoreDataProperties.swift in Sources */,
				D72A4C3B284610BA00DAF2F6 /* ReceivedMessage.swift in Sources */,
				D727158C283F84530036BDE7 /* MyChat.xcdatamodeld in Sources */,
				D7CE07E42870A2B500F4A735 /* ProfileCellModel.swift in Sources */,
			);
			runOnlyForDeploymentPostprocessing = 0;
		};
/* End PBXSourcesBuildPhase section */

/* Begin XCBuildConfiguration section */
		D75FD6942801D20B001B1359 /* Debug */ = {
			isa = XCBuildConfiguration;
			buildSettings = {
				ALWAYS_SEARCH_USER_PATHS = NO;
				CLANG_ANALYZER_NONNULL = YES;
				CLANG_ANALYZER_NUMBER_OBJECT_CONVERSION = YES_AGGRESSIVE;
				CLANG_CXX_LANGUAGE_STANDARD = "gnu++17";
				CLANG_ENABLE_MODULES = YES;
				CLANG_ENABLE_OBJC_ARC = YES;
				CLANG_ENABLE_OBJC_WEAK = YES;
				CLANG_WARN_BLOCK_CAPTURE_AUTORELEASING = YES;
				CLANG_WARN_BOOL_CONVERSION = YES;
				CLANG_WARN_COMMA = YES;
				CLANG_WARN_CONSTANT_CONVERSION = YES;
				CLANG_WARN_DEPRECATED_OBJC_IMPLEMENTATIONS = YES;
				CLANG_WARN_DIRECT_OBJC_ISA_USAGE = YES_ERROR;
				CLANG_WARN_DOCUMENTATION_COMMENTS = YES;
				CLANG_WARN_EMPTY_BODY = YES;
				CLANG_WARN_ENUM_CONVERSION = YES;
				CLANG_WARN_INFINITE_RECURSION = YES;
				CLANG_WARN_INT_CONVERSION = YES;
				CLANG_WARN_NON_LITERAL_NULL_CONVERSION = YES;
				CLANG_WARN_OBJC_IMPLICIT_RETAIN_SELF = YES;
				CLANG_WARN_OBJC_LITERAL_CONVERSION = YES;
				CLANG_WARN_OBJC_ROOT_CLASS = YES_ERROR;
				CLANG_WARN_QUOTED_INCLUDE_IN_FRAMEWORK_HEADER = YES;
				CLANG_WARN_RANGE_LOOP_ANALYSIS = YES;
				CLANG_WARN_STRICT_PROTOTYPES = YES;
				CLANG_WARN_SUSPICIOUS_MOVE = YES;
				CLANG_WARN_UNGUARDED_AVAILABILITY = YES_AGGRESSIVE;
				CLANG_WARN_UNREACHABLE_CODE = YES;
				CLANG_WARN__DUPLICATE_METHOD_MATCH = YES;
				COPY_PHASE_STRIP = NO;
				CURRENT_PROJECT_VERSION = 1;
				DEBUG_INFORMATION_FORMAT = dwarf;
				ENABLE_STRICT_OBJC_MSGSEND = YES;
				ENABLE_TESTABILITY = YES;
				GCC_C_LANGUAGE_STANDARD = gnu11;
				GCC_DYNAMIC_NO_PIC = NO;
				GCC_NO_COMMON_BLOCKS = YES;
				GCC_OPTIMIZATION_LEVEL = 0;
				GCC_PREPROCESSOR_DEFINITIONS = (
					"DEBUG=1",
					"$(inherited)",
				);
				GCC_WARN_64_TO_32_BIT_CONVERSION = YES;
				GCC_WARN_ABOUT_RETURN_TYPE = YES_ERROR;
				GCC_WARN_UNDECLARED_SELECTOR = YES;
				GCC_WARN_UNINITIALIZED_AUTOS = YES_AGGRESSIVE;
				GCC_WARN_UNUSED_FUNCTION = YES;
				GCC_WARN_UNUSED_VARIABLE = YES;
				IPHONEOS_DEPLOYMENT_TARGET = 13.0;
				MTL_ENABLE_DEBUG_INFO = INCLUDE_SOURCE;
				MTL_FAST_MATH = YES;
				ONLY_ACTIVE_ARCH = YES;
				SDKROOT = iphoneos;
				SWIFT_ACTIVE_COMPILATION_CONDITIONS = DEBUG;
				SWIFT_OPTIMIZATION_LEVEL = "-Onone";
				VERSIONING_SYSTEM = "apple-generic";
				VERSION_INFO_PREFIX = "";
			};
			name = Debug;
		};
		D75FD6952801D20B001B1359 /* Release */ = {
			isa = XCBuildConfiguration;
			buildSettings = {
				ALWAYS_SEARCH_USER_PATHS = NO;
				CLANG_ANALYZER_NONNULL = YES;
				CLANG_ANALYZER_NUMBER_OBJECT_CONVERSION = YES_AGGRESSIVE;
				CLANG_CXX_LANGUAGE_STANDARD = "gnu++17";
				CLANG_ENABLE_MODULES = YES;
				CLANG_ENABLE_OBJC_ARC = YES;
				CLANG_ENABLE_OBJC_WEAK = YES;
				CLANG_WARN_BLOCK_CAPTURE_AUTORELEASING = YES;
				CLANG_WARN_BOOL_CONVERSION = YES;
				CLANG_WARN_COMMA = YES;
				CLANG_WARN_CONSTANT_CONVERSION = YES;
				CLANG_WARN_DEPRECATED_OBJC_IMPLEMENTATIONS = YES;
				CLANG_WARN_DIRECT_OBJC_ISA_USAGE = YES_ERROR;
				CLANG_WARN_DOCUMENTATION_COMMENTS = YES;
				CLANG_WARN_EMPTY_BODY = YES;
				CLANG_WARN_ENUM_CONVERSION = YES;
				CLANG_WARN_INFINITE_RECURSION = YES;
				CLANG_WARN_INT_CONVERSION = YES;
				CLANG_WARN_NON_LITERAL_NULL_CONVERSION = YES;
				CLANG_WARN_OBJC_IMPLICIT_RETAIN_SELF = YES;
				CLANG_WARN_OBJC_LITERAL_CONVERSION = YES;
				CLANG_WARN_OBJC_ROOT_CLASS = YES_ERROR;
				CLANG_WARN_QUOTED_INCLUDE_IN_FRAMEWORK_HEADER = YES;
				CLANG_WARN_RANGE_LOOP_ANALYSIS = YES;
				CLANG_WARN_STRICT_PROTOTYPES = YES;
				CLANG_WARN_SUSPICIOUS_MOVE = YES;
				CLANG_WARN_UNGUARDED_AVAILABILITY = YES_AGGRESSIVE;
				CLANG_WARN_UNREACHABLE_CODE = YES;
				CLANG_WARN__DUPLICATE_METHOD_MATCH = YES;
				COPY_PHASE_STRIP = NO;
				CURRENT_PROJECT_VERSION = 1;
				DEBUG_INFORMATION_FORMAT = "dwarf-with-dsym";
				ENABLE_NS_ASSERTIONS = NO;
				ENABLE_STRICT_OBJC_MSGSEND = YES;
				GCC_C_LANGUAGE_STANDARD = gnu11;
				GCC_NO_COMMON_BLOCKS = YES;
				GCC_WARN_64_TO_32_BIT_CONVERSION = YES;
				GCC_WARN_ABOUT_RETURN_TYPE = YES_ERROR;
				GCC_WARN_UNDECLARED_SELECTOR = YES;
				GCC_WARN_UNINITIALIZED_AUTOS = YES_AGGRESSIVE;
				GCC_WARN_UNUSED_FUNCTION = YES;
				GCC_WARN_UNUSED_VARIABLE = YES;
				IPHONEOS_DEPLOYMENT_TARGET = 13.0;
				MTL_ENABLE_DEBUG_INFO = NO;
				MTL_FAST_MATH = YES;
				SDKROOT = iphoneos;
				SWIFT_COMPILATION_MODE = wholemodule;
				SWIFT_OPTIMIZATION_LEVEL = "-O";
				VALIDATE_PRODUCT = YES;
				VERSIONING_SYSTEM = "apple-generic";
				VERSION_INFO_PREFIX = "";
			};
			name = Release;
		};
		D75FD6972801D20B001B1359 /* Debug */ = {
			isa = XCBuildConfiguration;
			baseConfigurationReference = 2457AACD338ED4D1E385CAB6 /* Pods-Models.debug.xcconfig */;
			buildSettings = {
				CODE_SIGN_STYLE = Automatic;
				CURRENT_PROJECT_VERSION = 1;
				DEFINES_MODULE = YES;
				DEVELOPMENT_TEAM = PQ6LM8W269;
				DYLIB_COMPATIBILITY_VERSION = 1;
				DYLIB_CURRENT_VERSION = 1;
				DYLIB_INSTALL_NAME_BASE = "@rpath";
				GENERATE_INFOPLIST_FILE = YES;
				INFOPLIST_KEY_NSHumanReadableCopyright = "";
				INSTALL_PATH = "$(LOCAL_LIBRARY_DIR)/Frameworks";
				LD_RUNPATH_SEARCH_PATHS = (
					"$(inherited)",
					"@executable_path/Frameworks",
					"@loader_path/Frameworks",
				);
				MARKETING_VERSION = 1.0;
				PRODUCT_BUNDLE_IDENTIFIER = highlights.Models;
				PRODUCT_NAME = "$(TARGET_NAME:c99extidentifier)";
				SKIP_INSTALL = YES;
				SUPPORTS_MACCATALYST = NO;
				SWIFT_EMIT_LOC_STRINGS = YES;
				SWIFT_VERSION = 5.0;
				TARGETED_DEVICE_FAMILY = 1;
			};
			name = Debug;
		};
		D75FD6982801D20B001B1359 /* Release */ = {
			isa = XCBuildConfiguration;
			baseConfigurationReference = 41CF37F22E4A2D641528325B /* Pods-Models.release.xcconfig */;
			buildSettings = {
				CODE_SIGN_STYLE = Automatic;
				CURRENT_PROJECT_VERSION = 1;
				DEFINES_MODULE = YES;
				DEVELOPMENT_TEAM = PQ6LM8W269;
				DYLIB_COMPATIBILITY_VERSION = 1;
				DYLIB_CURRENT_VERSION = 1;
				DYLIB_INSTALL_NAME_BASE = "@rpath";
				GENERATE_INFOPLIST_FILE = YES;
				INFOPLIST_KEY_NSHumanReadableCopyright = "";
				INSTALL_PATH = "$(LOCAL_LIBRARY_DIR)/Frameworks";
				LD_RUNPATH_SEARCH_PATHS = (
					"$(inherited)",
					"@executable_path/Frameworks",
					"@loader_path/Frameworks",
				);
				MARKETING_VERSION = 1.0;
				PRODUCT_BUNDLE_IDENTIFIER = highlights.Models;
				PRODUCT_NAME = "$(TARGET_NAME:c99extidentifier)";
				SKIP_INSTALL = YES;
				SUPPORTS_MACCATALYST = NO;
				SWIFT_EMIT_LOC_STRINGS = YES;
				SWIFT_VERSION = 5.0;
				TARGETED_DEVICE_FAMILY = 1;
			};
			name = Release;
		};
/* End XCBuildConfiguration section */

/* Begin XCConfigurationList section */
		D75FD6892801D20B001B1359 /* Build configuration list for PBXProject "Models" */ = {
			isa = XCConfigurationList;
			buildConfigurations = (
				D75FD6942801D20B001B1359 /* Debug */,
				D75FD6952801D20B001B1359 /* Release */,
			);
			defaultConfigurationIsVisible = 0;
			defaultConfigurationName = Release;
		};
		D75FD6962801D20B001B1359 /* Build configuration list for PBXNativeTarget "Models" */ = {
			isa = XCConfigurationList;
			buildConfigurations = (
				D75FD6972801D20B001B1359 /* Debug */,
				D75FD6982801D20B001B1359 /* Release */,
			);
			defaultConfigurationIsVisible = 0;
			defaultConfigurationName = Release;
		};
/* End XCConfigurationList section */

/* Begin XCVersionGroup section */
		D727158A283F84530036BDE7 /* MyChat.xcdatamodeld */ = {
			isa = XCVersionGroup;
			children = (
				D727158B283F84530036BDE7 /* MyChat.xcdatamodel */,
			);
			currentVersion = D727158B283F84530036BDE7 /* MyChat.xcdatamodel */;
			name = MyChat.xcdatamodeld;
			path = ../MyChat.xcdatamodeld;
			sourceTree = "<group>";
			versionGroupType = wrapper.xcdatamodel;
		};
/* End XCVersionGroup section */
	};
	rootObject = D75FD6862801D20B001B1359 /* Project object */;
}
