// !$*UTF8*$!
{
	archiveVersion = 1;
	classes = {
	};
	objectVersion = 55;
	objects = {

/* Begin PBXBuildFile section */
		29A8BA647FB72AF14E76645E /* Pods_UI.framework in Frameworks */ = {isa = PBXBuildFile; fileRef = FAC1421DAECEE3EDD8FBF0F2 /* Pods_UI.framework */; };
		D73FD4EB2801D87B00912D46 /* Models.framework in Frameworks */ = {isa = PBXBuildFile; fileRef = D73FD4EA2801D87B00912D46 /* Models.framework */; };
		D73FD4EC2801D87B00912D46 /* Models.framework in Embed Frameworks */ = {isa = PBXBuildFile; fileRef = D73FD4EA2801D87B00912D46 /* Models.framework */; settings = {ATTRIBUTES = (CodeSignOnCopy, RemoveHeadersOnCopy, ); }; };
		D7708ED528032AC900D1E41D /* TextFieldWithBottomBorderNode.swift in Sources */ = {isa = PBXBuildFile; fileRef = D7708ECA28032AC900D1E41D /* TextFieldWithBottomBorderNode.swift */; };
		D7708ED628032AC900D1E41D /* ChatCellNode.swift in Sources */ = {isa = PBXBuildFile; fileRef = D7708ECC28032AC900D1E41D /* ChatCellNode.swift */; };
		D7708ED728032AC900D1E41D /* AuthButtonsNode.swift in Sources */ = {isa = PBXBuildFile; fileRef = D7708ECD28032AC900D1E41D /* AuthButtonsNode.swift */; };
		D7708ED828032AC900D1E41D /* ASTextFieldView.h in Headers */ = {isa = PBXBuildFile; fileRef = D7708ED028032AC900D1E41D /* ASTextFieldView.h */; settings = {ATTRIBUTES = (Public, ); }; };
		D7708ED928032AC900D1E41D /* ASTextFieldView.m in Sources */ = {isa = PBXBuildFile; fileRef = D7708ED128032AC900D1E41D /* ASTextFieldView.m */; };
		D7708EDA28032AC900D1E41D /* ASTextFieldNode.h in Headers */ = {isa = PBXBuildFile; fileRef = D7708ED328032AC900D1E41D /* ASTextFieldNode.h */; settings = {ATTRIBUTES = (Public, ); }; };
		D7708EDB28032AC900D1E41D /* ASTextFieldNode.m in Sources */ = {isa = PBXBuildFile; fileRef = D7708ED428032AC900D1E41D /* ASTextFieldNode.m */; };
		D7708EDE28032F0C00D1E41D /* UI.h in Headers */ = {isa = PBXBuildFile; fileRef = D7708EDD28032DFE00D1E41D /* UI.h */; settings = {ATTRIBUTES = (Public, ); }; };
/* End PBXBuildFile section */

/* Begin PBXCopyFilesBuildPhase section */
		D73FD4ED2801D87B00912D46 /* Embed Frameworks */ = {
			isa = PBXCopyFilesBuildPhase;
			buildActionMask = 2147483647;
			dstPath = "";
			dstSubfolderSpec = 10;
			files = (
				D73FD4EC2801D87B00912D46 /* Models.framework in Embed Frameworks */,
			);
			name = "Embed Frameworks";
			runOnlyForDeploymentPostprocessing = 0;
		};
/* End PBXCopyFilesBuildPhase section */

/* Begin PBXFileReference section */
		37F14DE98C1685B99A9BBA6B /* Pods-UI.release.xcconfig */ = {isa = PBXFileReference; includeInIndex = 1; lastKnownFileType = text.xcconfig; name = "Pods-UI.release.xcconfig"; path = "Target Support Files/Pods-UI/Pods-UI.release.xcconfig"; sourceTree = "<group>"; };
		B9CED2F57CCA7B34EC73A333 /* Pods-UI.debug.xcconfig */ = {isa = PBXFileReference; includeInIndex = 1; lastKnownFileType = text.xcconfig; name = "Pods-UI.debug.xcconfig"; path = "Target Support Files/Pods-UI/Pods-UI.debug.xcconfig"; sourceTree = "<group>"; };
		D73FD4C22801D67800912D46 /* UI.framework */ = {isa = PBXFileReference; explicitFileType = wrapper.framework; includeInIndex = 0; path = UI.framework; sourceTree = BUILT_PRODUCTS_DIR; };
		D73FD4EA2801D87B00912D46 /* Models.framework */ = {isa = PBXFileReference; explicitFileType = wrapper.framework; path = Models.framework; sourceTree = BUILT_PRODUCTS_DIR; };
		D7708ECA28032AC900D1E41D /* TextFieldWithBottomBorderNode.swift */ = {isa = PBXFileReference; fileEncoding = 4; lastKnownFileType = sourcecode.swift; path = TextFieldWithBottomBorderNode.swift; sourceTree = "<group>"; };
		D7708ECC28032AC900D1E41D /* ChatCellNode.swift */ = {isa = PBXFileReference; fileEncoding = 4; lastKnownFileType = sourcecode.swift; path = ChatCellNode.swift; sourceTree = "<group>"; };
		D7708ECD28032AC900D1E41D /* AuthButtonsNode.swift */ = {isa = PBXFileReference; fileEncoding = 4; lastKnownFileType = sourcecode.swift; path = AuthButtonsNode.swift; sourceTree = "<group>"; };
		D7708ED028032AC900D1E41D /* ASTextFieldView.h */ = {isa = PBXFileReference; fileEncoding = 4; lastKnownFileType = sourcecode.c.h; path = ASTextFieldView.h; sourceTree = "<group>"; };
		D7708ED128032AC900D1E41D /* ASTextFieldView.m */ = {isa = PBXFileReference; fileEncoding = 4; lastKnownFileType = sourcecode.c.objc; path = ASTextFieldView.m; sourceTree = "<group>"; };
		D7708ED328032AC900D1E41D /* ASTextFieldNode.h */ = {isa = PBXFileReference; fileEncoding = 4; lastKnownFileType = sourcecode.c.h; path = ASTextFieldNode.h; sourceTree = "<group>"; };
		D7708ED428032AC900D1E41D /* ASTextFieldNode.m */ = {isa = PBXFileReference; fileEncoding = 4; lastKnownFileType = sourcecode.c.objc; path = ASTextFieldNode.m; sourceTree = "<group>"; };
		D7708EDD28032DFE00D1E41D /* UI.h */ = {isa = PBXFileReference; lastKnownFileType = sourcecode.c.h; path = UI.h; sourceTree = "<group>"; };
		FAC1421DAECEE3EDD8FBF0F2 /* Pods_UI.framework */ = {isa = PBXFileReference; explicitFileType = wrapper.framework; includeInIndex = 0; path = Pods_UI.framework; sourceTree = BUILT_PRODUCTS_DIR; };
/* End PBXFileReference section */

/* Begin PBXFrameworksBuildPhase section */
		D73FD4BF2801D67800912D46 /* Frameworks */ = {
			isa = PBXFrameworksBuildPhase;
			buildActionMask = 2147483647;
			files = (
				D73FD4EB2801D87B00912D46 /* Models.framework in Frameworks */,
				29A8BA647FB72AF14E76645E /* Pods_UI.framework in Frameworks */,
			);
			runOnlyForDeploymentPostprocessing = 0;
		};
/* End PBXFrameworksBuildPhase section */

/* Begin PBXGroup section */
		518E1CB2A2B4E054ED6D509D /* Frameworks */ = {
			isa = PBXGroup;
			children = (
				D73FD4EA2801D87B00912D46 /* Models.framework */,
				FAC1421DAECEE3EDD8FBF0F2 /* Pods_UI.framework */,
			);
			name = Frameworks;
			sourceTree = "<group>";
		};
		739E55F840AAE5865BA90C5A /* Pods */ = {
			isa = PBXGroup;
			children = (
				B9CED2F57CCA7B34EC73A333 /* Pods-UI.debug.xcconfig */,
				37F14DE98C1685B99A9BBA6B /* Pods-UI.release.xcconfig */,
			);
			name = Pods;
			path = ../../Pods;
			sourceTree = "<group>";
		};
		D73FD4B82801D67800912D46 = {
			isa = PBXGroup;
			children = (
				D7708EC928032AC900D1E41D /* Nodes */,
				D7708ECE28032AC900D1E41D /* Objective-C */,
				D73FD4C32801D67800912D46 /* Products */,
				739E55F840AAE5865BA90C5A /* Pods */,
				518E1CB2A2B4E054ED6D509D /* Frameworks */,
			);
			sourceTree = "<group>";
		};
		D73FD4C32801D67800912D46 /* Products */ = {
			isa = PBXGroup;
			children = (
				D73FD4C22801D67800912D46 /* UI.framework */,
			);
			name = Products;
			sourceTree = "<group>";
		};
		D7708EC928032AC900D1E41D /* Nodes */ = {
			isa = PBXGroup;
			children = (
				D7708ECA28032AC900D1E41D /* TextFieldWithBottomBorderNode.swift */,
				D7708ECC28032AC900D1E41D /* ChatCellNode.swift */,
				D7708ECD28032AC900D1E41D /* AuthButtonsNode.swift */,
			);
			path = Nodes;
			sourceTree = "<group>";
		};
		D7708ECE28032AC900D1E41D /* Objective-C */ = {
			isa = PBXGroup;
			children = (
				D7708EDD28032DFE00D1E41D /* UI.h */,
				D7708ECF28032AC900D1E41D /* ASTextFieldView */,
				D7708ED228032AC900D1E41D /* ASTextFieldNode */,
			);
			path = "Objective-C";
			sourceTree = "<group>";
		};
		D7708ECF28032AC900D1E41D /* ASTextFieldView */ = {
			isa = PBXGroup;
			children = (
				D7708ED028032AC900D1E41D /* ASTextFieldView.h */,
				D7708ED128032AC900D1E41D /* ASTextFieldView.m */,
			);
			path = ASTextFieldView;
			sourceTree = "<group>";
		};
		D7708ED228032AC900D1E41D /* ASTextFieldNode */ = {
			isa = PBXGroup;
			children = (
				D7708ED328032AC900D1E41D /* ASTextFieldNode.h */,
				D7708ED428032AC900D1E41D /* ASTextFieldNode.m */,
			);
			path = ASTextFieldNode;
			sourceTree = "<group>";
		};
/* End PBXGroup section */

/* Begin PBXHeadersBuildPhase section */
		D73FD4BD2801D67800912D46 /* Headers */ = {
			isa = PBXHeadersBuildPhase;
			buildActionMask = 2147483647;
			files = (
				D7708ED828032AC900D1E41D /* ASTextFieldView.h in Headers */,
				D7708EDA28032AC900D1E41D /* ASTextFieldNode.h in Headers */,
				D7708EDE28032F0C00D1E41D /* UI.h in Headers */,
			);
			runOnlyForDeploymentPostprocessing = 0;
		};
/* End PBXHeadersBuildPhase section */

/* Begin PBXNativeTarget section */
		D73FD4C12801D67800912D46 /* UI */ = {
			isa = PBXNativeTarget;
			buildConfigurationList = D73FD4C92801D67800912D46 /* Build configuration list for PBXNativeTarget "UI" */;
			buildPhases = (
				8AF799551E8152A657280B2B /* [CP] Check Pods Manifest.lock */,
				D73FD4BD2801D67800912D46 /* Headers */,
				D73FD4BE2801D67800912D46 /* Sources */,
				D73FD4BF2801D67800912D46 /* Frameworks */,
				D73FD4C02801D67800912D46 /* Resources */,
				D73FD4ED2801D87B00912D46 /* Embed Frameworks */,
			);
			buildRules = (
			);
			dependencies = (
			);
			name = UI;
			productName = UI;
			productReference = D73FD4C22801D67800912D46 /* UI.framework */;
			productType = "com.apple.product-type.framework";
		};
/* End PBXNativeTarget section */

/* Begin PBXProject section */
		D73FD4B92801D67800912D46 /* Project object */ = {
			isa = PBXProject;
			attributes = {
				BuildIndependentTargetsInParallel = 1;
				LastUpgradeCheck = 1330;
				TargetAttributes = {
					D73FD4C12801D67800912D46 = {
						CreatedOnToolsVersion = 13.3;
					};
				};
			};
			buildConfigurationList = D73FD4BC2801D67800912D46 /* Build configuration list for PBXProject "UI" */;
			compatibilityVersion = "Xcode 13.0";
			developmentRegion = en;
			hasScannedForEncodings = 0;
			knownRegions = (
				en,
				Base,
			);
			mainGroup = D73FD4B82801D67800912D46;
			productRefGroup = D73FD4C32801D67800912D46 /* Products */;
			projectDirPath = "";
			projectRoot = "";
			targets = (
				D73FD4C12801D67800912D46 /* UI */,
			);
		};
/* End PBXProject section */

/* Begin PBXResourcesBuildPhase section */
		D73FD4C02801D67800912D46 /* Resources */ = {
			isa = PBXResourcesBuildPhase;
			buildActionMask = 2147483647;
			files = (
			);
			runOnlyForDeploymentPostprocessing = 0;
		};
/* End PBXResourcesBuildPhase section */

/* Begin PBXShellScriptBuildPhase section */
		8AF799551E8152A657280B2B /* [CP] Check Pods Manifest.lock */ = {
			isa = PBXShellScriptBuildPhase;
			buildActionMask = 2147483647;
			files = (
			);
			inputFileListPaths = (
			);
			inputPaths = (
				"${PODS_PODFILE_DIR_PATH}/Podfile.lock",
				"${PODS_ROOT}/Manifest.lock",
			);
			name = "[CP] Check Pods Manifest.lock";
			outputFileListPaths = (
			);
			outputPaths = (
				"$(DERIVED_FILE_DIR)/Pods-UI-checkManifestLockResult.txt",
			);
			runOnlyForDeploymentPostprocessing = 0;
			shellPath = /bin/sh;
			shellScript = "diff \"${PODS_PODFILE_DIR_PATH}/Podfile.lock\" \"${PODS_ROOT}/Manifest.lock\" > /dev/null\nif [ $? != 0 ] ; then\n    # print error to STDERR\n    echo \"error: The sandbox is not in sync with the Podfile.lock. Run 'pod install' or update your CocoaPods installation.\" >&2\n    exit 1\nfi\n# This output is used by Xcode 'outputs' to avoid re-running this script phase.\necho \"SUCCESS\" > \"${SCRIPT_OUTPUT_FILE_0}\"\n";
			showEnvVarsInLog = 0;
		};
/* End PBXShellScriptBuildPhase section */

/* Begin PBXSourcesBuildPhase section */
		D73FD4BE2801D67800912D46 /* Sources */ = {
			isa = PBXSourcesBuildPhase;
			buildActionMask = 2147483647;
			files = (
				D7708EDB28032AC900D1E41D /* ASTextFieldNode.m in Sources */,
				D7708ED928032AC900D1E41D /* ASTextFieldView.m in Sources */,
				D7708ED528032AC900D1E41D /* TextFieldWithBottomBorderNode.swift in Sources */,
				D7708ED728032AC900D1E41D /* AuthButtonsNode.swift in Sources */,
				D7708ED628032AC900D1E41D /* ChatCellNode.swift in Sources */,
			);
			runOnlyForDeploymentPostprocessing = 0;
		};
/* End PBXSourcesBuildPhase section */

/* Begin XCBuildConfiguration section */
		D73FD4C72801D67800912D46 /* Debug */ = {
			isa = XCBuildConfiguration;
			buildSettings = {
				ALWAYS_SEARCH_USER_PATHS = NO;
				CLANG_ANALYZER_NONNULL = YES;
				CLANG_ANALYZER_NUMBER_OBJECT_CONVERSION = YES_AGGRESSIVE;
				CLANG_CXX_LANGUAGE_STANDARD = "gnu++17";
				CLANG_ENABLE_MODULES = YES;
				CLANG_ENABLE_OBJC_ARC = YES;
				CLANG_ENABLE_OBJC_WEAK = YES;
				CLANG_WARN_BLOCK_CAPTURE_AUTORELEASING = YES;
				CLANG_WARN_BOOL_CONVERSION = YES;
				CLANG_WARN_COMMA = YES;
				CLANG_WARN_CONSTANT_CONVERSION = YES;
				CLANG_WARN_DEPRECATED_OBJC_IMPLEMENTATIONS = YES;
				CLANG_WARN_DIRECT_OBJC_ISA_USAGE = YES_ERROR;
				CLANG_WARN_DOCUMENTATION_COMMENTS = YES;
				CLANG_WARN_EMPTY_BODY = YES;
				CLANG_WARN_ENUM_CONVERSION = YES;
				CLANG_WARN_INFINITE_RECURSION = YES;
				CLANG_WARN_INT_CONVERSION = YES;
				CLANG_WARN_NON_LITERAL_NULL_CONVERSION = YES;
				CLANG_WARN_OBJC_IMPLICIT_RETAIN_SELF = YES;
				CLANG_WARN_OBJC_LITERAL_CONVERSION = YES;
				CLANG_WARN_OBJC_ROOT_CLASS = YES_ERROR;
				CLANG_WARN_QUOTED_INCLUDE_IN_FRAMEWORK_HEADER = YES;
				CLANG_WARN_RANGE_LOOP_ANALYSIS = YES;
				CLANG_WARN_STRICT_PROTOTYPES = YES;
				CLANG_WARN_SUSPICIOUS_MOVE = YES;
				CLANG_WARN_UNGUARDED_AVAILABILITY = YES_AGGRESSIVE;
				CLANG_WARN_UNREACHABLE_CODE = YES;
				CLANG_WARN__DUPLICATE_METHOD_MATCH = YES;
				COPY_PHASE_STRIP = NO;
				CURRENT_PROJECT_VERSION = 1;
				DEBUG_INFORMATION_FORMAT = dwarf;
				ENABLE_STRICT_OBJC_MSGSEND = YES;
				ENABLE_TESTABILITY = YES;
				GCC_C_LANGUAGE_STANDARD = gnu11;
				GCC_DYNAMIC_NO_PIC = NO;
				GCC_NO_COMMON_BLOCKS = YES;
				GCC_OPTIMIZATION_LEVEL = 0;
				GCC_PREPROCESSOR_DEFINITIONS = (
					"DEBUG=1",
					"$(inherited)",
				);
				GCC_WARN_64_TO_32_BIT_CONVERSION = YES;
				GCC_WARN_ABOUT_RETURN_TYPE = YES_ERROR;
				GCC_WARN_UNDECLARED_SELECTOR = YES;
				GCC_WARN_UNINITIALIZED_AUTOS = YES_AGGRESSIVE;
				GCC_WARN_UNUSED_FUNCTION = YES;
				GCC_WARN_UNUSED_VARIABLE = YES;
				IPHONEOS_DEPLOYMENT_TARGET = 15.4;
				MTL_ENABLE_DEBUG_INFO = INCLUDE_SOURCE;
				MTL_FAST_MATH = YES;
				ONLY_ACTIVE_ARCH = YES;
				SDKROOT = iphoneos;
				SWIFT_ACTIVE_COMPILATION_CONDITIONS = DEBUG;
				SWIFT_OPTIMIZATION_LEVEL = "-Onone";
				VERSIONING_SYSTEM = "apple-generic";
				VERSION_INFO_PREFIX = "";
			};
			name = Debug;
		};
		D73FD4C82801D67800912D46 /* Release */ = {
			isa = XCBuildConfiguration;
			buildSettings = {
				ALWAYS_SEARCH_USER_PATHS = NO;
				CLANG_ANALYZER_NONNULL = YES;
				CLANG_ANALYZER_NUMBER_OBJECT_CONVERSION = YES_AGGRESSIVE;
				CLANG_CXX_LANGUAGE_STANDARD = "gnu++17";
				CLANG_ENABLE_MODULES = YES;
				CLANG_ENABLE_OBJC_ARC = YES;
				CLANG_ENABLE_OBJC_WEAK = YES;
				CLANG_WARN_BLOCK_CAPTURE_AUTORELEASING = YES;
				CLANG_WARN_BOOL_CONVERSION = YES;
				CLANG_WARN_COMMA = YES;
				CLANG_WARN_CONSTANT_CONVERSION = YES;
				CLANG_WARN_DEPRECATED_OBJC_IMPLEMENTATIONS = YES;
				CLANG_WARN_DIRECT_OBJC_ISA_USAGE = YES_ERROR;
				CLANG_WARN_DOCUMENTATION_COMMENTS = YES;
				CLANG_WARN_EMPTY_BODY = YES;
				CLANG_WARN_ENUM_CONVERSION = YES;
				CLANG_WARN_INFINITE_RECURSION = YES;
				CLANG_WARN_INT_CONVERSION = YES;
				CLANG_WARN_NON_LITERAL_NULL_CONVERSION = YES;
				CLANG_WARN_OBJC_IMPLICIT_RETAIN_SELF = YES;
				CLANG_WARN_OBJC_LITERAL_CONVERSION = YES;
				CLANG_WARN_OBJC_ROOT_CLASS = YES_ERROR;
				CLANG_WARN_QUOTED_INCLUDE_IN_FRAMEWORK_HEADER = YES;
				CLANG_WARN_RANGE_LOOP_ANALYSIS = YES;
				CLANG_WARN_STRICT_PROTOTYPES = YES;
				CLANG_WARN_SUSPICIOUS_MOVE = YES;
				CLANG_WARN_UNGUARDED_AVAILABILITY = YES_AGGRESSIVE;
				CLANG_WARN_UNREACHABLE_CODE = YES;
				CLANG_WARN__DUPLICATE_METHOD_MATCH = YES;
				COPY_PHASE_STRIP = NO;
				CURRENT_PROJECT_VERSION = 1;
				DEBUG_INFORMATION_FORMAT = "dwarf-with-dsym";
				ENABLE_NS_ASSERTIONS = NO;
				ENABLE_STRICT_OBJC_MSGSEND = YES;
				GCC_C_LANGUAGE_STANDARD = gnu11;
				GCC_NO_COMMON_BLOCKS = YES;
				GCC_WARN_64_TO_32_BIT_CONVERSION = YES;
				GCC_WARN_ABOUT_RETURN_TYPE = YES_ERROR;
				GCC_WARN_UNDECLARED_SELECTOR = YES;
				GCC_WARN_UNINITIALIZED_AUTOS = YES_AGGRESSIVE;
				GCC_WARN_UNUSED_FUNCTION = YES;
				GCC_WARN_UNUSED_VARIABLE = YES;
				IPHONEOS_DEPLOYMENT_TARGET = 15.4;
				MTL_ENABLE_DEBUG_INFO = NO;
				MTL_FAST_MATH = YES;
				SDKROOT = iphoneos;
				SWIFT_COMPILATION_MODE = wholemodule;
				SWIFT_OPTIMIZATION_LEVEL = "-O";
				VALIDATE_PRODUCT = YES;
				VERSIONING_SYSTEM = "apple-generic";
				VERSION_INFO_PREFIX = "";
			};
			name = Release;
		};
		D73FD4CA2801D67800912D46 /* Debug */ = {
			isa = XCBuildConfiguration;
			baseConfigurationReference = B9CED2F57CCA7B34EC73A333 /* Pods-UI.debug.xcconfig */;
			buildSettings = {
				CODE_SIGN_STYLE = Automatic;
				CURRENT_PROJECT_VERSION = 1;
				DEFINES_MODULE = YES;
				DEVELOPMENT_TEAM = PQ6LM8W269;
				DYLIB_COMPATIBILITY_VERSION = 1;
				DYLIB_CURRENT_VERSION = 1;
				DYLIB_INSTALL_NAME_BASE = "@rpath";
				GENERATE_INFOPLIST_FILE = YES;
				INFOPLIST_KEY_NSHumanReadableCopyright = "";
				INSTALL_PATH = "$(LOCAL_LIBRARY_DIR)/Frameworks";
				IPHONEOS_DEPLOYMENT_TARGET = 13.0;
				LD_RUNPATH_SEARCH_PATHS = (
					"$(inherited)",
					"@executable_path/Frameworks",
					"@loader_path/Frameworks",
				);
				MARKETING_VERSION = 1.0;
				PRODUCT_BUNDLE_IDENTIFIER = highlights.UI;
				PRODUCT_NAME = "$(TARGET_NAME:c99extidentifier)";
				SKIP_INSTALL = YES;
				SUPPORTS_MACCATALYST = NO;
				SWIFT_EMIT_LOC_STRINGS = YES;
				SWIFT_OBJC_BRIDGING_HEADER = "";
				SWIFT_VERSION = 5.0;
				TARGETED_DEVICE_FAMILY = 1;
			};
			name = Debug;
		};
		D73FD4CB2801D67800912D46 /* Release */ = {
			isa = XCBuildConfiguration;
			baseConfigurationReference = 37F14DE98C1685B99A9BBA6B /* Pods-UI.release.xcconfig */;
			buildSettings = {
				CODE_SIGN_STYLE = Automatic;
				CURRENT_PROJECT_VERSION = 1;
				DEFINES_MODULE = YES;
				DEVELOPMENT_TEAM = PQ6LM8W269;
				DYLIB_COMPATIBILITY_VERSION = 1;
				DYLIB_CURRENT_VERSION = 1;
				DYLIB_INSTALL_NAME_BASE = "@rpath";
				GENERATE_INFOPLIST_FILE = YES;
				INFOPLIST_KEY_NSHumanReadableCopyright = "";
				INSTALL_PATH = "$(LOCAL_LIBRARY_DIR)/Frameworks";
				IPHONEOS_DEPLOYMENT_TARGET = 13.0;
				LD_RUNPATH_SEARCH_PATHS = (
					"$(inherited)",
					"@executable_path/Frameworks",
					"@loader_path/Frameworks",
				);
				MARKETING_VERSION = 1.0;
				PRODUCT_BUNDLE_IDENTIFIER = highlights.UI;
				PRODUCT_NAME = "$(TARGET_NAME:c99extidentifier)";
				SKIP_INSTALL = YES;
				SUPPORTS_MACCATALYST = NO;
				SWIFT_EMIT_LOC_STRINGS = YES;
				SWIFT_OBJC_BRIDGING_HEADER = "";
				SWIFT_VERSION = 5.0;
				TARGETED_DEVICE_FAMILY = 1;
			};
			name = Release;
		};
/* End XCBuildConfiguration section */

/* Begin XCConfigurationList section */
		D73FD4BC2801D67800912D46 /* Build configuration list for PBXProject "UI" */ = {
			isa = XCConfigurationList;
			buildConfigurations = (
				D73FD4C72801D67800912D46 /* Debug */,
				D73FD4C82801D67800912D46 /* Release */,
			);
			defaultConfigurationIsVisible = 0;
			defaultConfigurationName = Release;
		};
		D73FD4C92801D67800912D46 /* Build configuration list for PBXNativeTarget "UI" */ = {
			isa = XCConfigurationList;
			buildConfigurations = (
				D73FD4CA2801D67800912D46 /* Debug */,
				D73FD4CB2801D67800912D46 /* Release */,
			);
			defaultConfigurationIsVisible = 0;
			defaultConfigurationName = Release;
		};
/* End XCConfigurationList section */
	};
	rootObject = D73FD4B92801D67800912D46 /* Project object */;
}
