// !$*UTF8*$!
{
	archiveVersion = 1;
	classes = {
	};
	objectVersion = 55;
	objects = {

/* Begin PBXBuildFile section */
		521CB42B754A6018D5AB3AD6 /* Pods_Services.framework in Frameworks */ = {isa = PBXBuildFile; fileRef = 2BCD58D089B5C6DEF2585FC2 /* Pods_Services.framework */; };
		D70D5BE2284B2FCD0087E47F /* ImageCacheManager.swift in Sources */ = {isa = PBXBuildFile; fileRef = D70D5BE1284B2FCD0087E47F /* ImageCacheManager.swift */; };
		D73FD4B52801D3AC00912D46 /* Models.framework in Frameworks */ = {isa = PBXBuildFile; fileRef = D73FD4B42801D3AC00912D46 /* Models.framework */; };
		D75E0BFA2811053500970308 /* Logger.framework in Frameworks */ = {isa = PBXBuildFile; fileRef = D75E0BF92811053500970308 /* Logger.framework */; };
		D75E0C252811983B00970308 /* Analytics.framework in Frameworks */ = {isa = PBXBuildFile; fileRef = D75E0C242811983B00970308 /* Analytics.framework */; };
		D75FD6812801D195001B1359 /* ConfigureManager.swift in Sources */ = {isa = PBXBuildFile; fileRef = D75FD67E2801D195001B1359 /* ConfigureManager.swift */; };
		D77F35C02827A7AE0046D494 /* Apple.swift in Sources */ = {isa = PBXBuildFile; fileRef = D77F35BF2827A7AE0046D494 /* Apple.swift */; };
		D7D06B122822A50D0061EA01 /* Google.swift in Sources */ = {isa = PBXBuildFile; fileRef = D7D06B0D2822A50D0061EA01 /* Google.swift */; };
		D7D06B132822A50D0061EA01 /* Facebook.swift in Sources */ = {isa = PBXBuildFile; fileRef = D7D06B0E2822A50D0061EA01 /* Facebook.swift */; };
		D7D06B142822A50D0061EA01 /* Firebase.swift in Sources */ = {isa = PBXBuildFile; fileRef = D7D06B0F2822A50D0061EA01 /* Firebase.swift */; };
		D7D06B152822A50D0061EA01 /* EncryptHandler.swift in Sources */ = {isa = PBXBuildFile; fileRef = D7D06B102822A50D0061EA01 /* EncryptHandler.swift */; };
		D7D06B162822A50D0061EA01 /* AuthManager.swift in Sources */ = {isa = PBXBuildFile; fileRef = D7D06B112822A50D0061EA01 /* AuthManager.swift */; };
		D7D06B192822A5280061EA01 /* StorageManager.swift in Sources */ = {isa = PBXBuildFile; fileRef = D7D06B182822A5280061EA01 /* StorageManager.swift */; };
		D7D36DC528212B8400F3A118 /* RemoteDataBaseManager.swift in Sources */ = {isa = PBXBuildFile; fileRef = D7D36DC428212B8400F3A118 /* RemoteDataBaseManager.swift */; };
		D7F5BE22280EEB0A000ACDD4 /* PushNotificationManager.swift in Sources */ = {isa = PBXBuildFile; fileRef = D7F5BE21280EEB0A000ACDD4 /* PushNotificationManager.swift */; };
		D7FCD44928697FC400CE723E /* RemoteFileStorageManager.swift in Sources */ = {isa = PBXBuildFile; fileRef = D7FCD44828697FC400CE723E /* RemoteFileStorageManager.swift */; };
/* End PBXBuildFile section */

/* Begin PBXFileReference section */
		1D16467F38E074859B093AC3 /* Pods-Services.release.xcconfig */ = {isa = PBXFileReference; includeInIndex = 1; lastKnownFileType = text.xcconfig; name = "Pods-Services.release.xcconfig"; path = "Target Support Files/Pods-Services/Pods-Services.release.xcconfig"; sourceTree = "<group>"; };
		2BCD58D089B5C6DEF2585FC2 /* Pods_Services.framework */ = {isa = PBXFileReference; explicitFileType = wrapper.framework; includeInIndex = 0; path = Pods_Services.framework; sourceTree = BUILT_PRODUCTS_DIR; };
		B8093C7E054C9555C61FC9AA /* Pods-Services.debug.xcconfig */ = {isa = PBXFileReference; includeInIndex = 1; lastKnownFileType = text.xcconfig; name = "Pods-Services.debug.xcconfig"; path = "Target Support Files/Pods-Services/Pods-Services.debug.xcconfig"; sourceTree = "<group>"; };
		D70D5BE1284B2FCD0087E47F /* ImageCacheManager.swift */ = {isa = PBXFileReference; lastKnownFileType = sourcecode.swift; path = ImageCacheManager.swift; sourceTree = "<group>"; };
		D73FD4B42801D3AC00912D46 /* Models.framework */ = {isa = PBXFileReference; explicitFileType = wrapper.framework; path = Models.framework; sourceTree = BUILT_PRODUCTS_DIR; };
		D75E0BF92811053500970308 /* Logger.framework */ = {isa = PBXFileReference; explicitFileType = wrapper.framework; path = Logger.framework; sourceTree = BUILT_PRODUCTS_DIR; };
		D75E0C242811983B00970308 /* Analytics.framework */ = {isa = PBXFileReference; explicitFileType = wrapper.framework; path = Analytics.framework; sourceTree = BUILT_PRODUCTS_DIR; };
		D75FD65C2801C775001B1359 /* Services.framework */ = {isa = PBXFileReference; explicitFileType = wrapper.framework; includeInIndex = 0; path = Services.framework; sourceTree = BUILT_PRODUCTS_DIR; };
		D75FD67E2801D195001B1359 /* ConfigureManager.swift */ = {isa = PBXFileReference; fileEncoding = 4; lastKnownFileType = sourcecode.swift; path = ConfigureManager.swift; sourceTree = "<group>"; };
		D77F35BF2827A7AE0046D494 /* Apple.swift */ = {isa = PBXFileReference; lastKnownFileType = sourcecode.swift; path = Apple.swift; sourceTree = "<group>"; };
		D7D06B0D2822A50D0061EA01 /* Google.swift */ = {isa = PBXFileReference; fileEncoding = 4; lastKnownFileType = sourcecode.swift; path = Google.swift; sourceTree = "<group>"; };
		D7D06B0E2822A50D0061EA01 /* Facebook.swift */ = {isa = PBXFileReference; fileEncoding = 4; lastKnownFileType = sourcecode.swift; path = Facebook.swift; sourceTree = "<group>"; };
		D7D06B0F2822A50D0061EA01 /* Firebase.swift */ = {isa = PBXFileReference; fileEncoding = 4; lastKnownFileType = sourcecode.swift; path = Firebase.swift; sourceTree = "<group>"; };
		D7D06B102822A50D0061EA01 /* EncryptHandler.swift */ = {isa = PBXFileReference; fileEncoding = 4; lastKnownFileType = sourcecode.swift; path = EncryptHandler.swift; sourceTree = "<group>"; };
		D7D06B112822A50D0061EA01 /* AuthManager.swift */ = {isa = PBXFileReference; fileEncoding = 4; lastKnownFileType = sourcecode.swift; path = AuthManager.swift; sourceTree = "<group>"; };
		D7D06B182822A5280061EA01 /* StorageManager.swift */ = {isa = PBXFileReference; fileEncoding = 4; lastKnownFileType = sourcecode.swift; path = StorageManager.swift; sourceTree = "<group>"; };
		D7D36DC428212B8400F3A118 /* RemoteDataBaseManager.swift */ = {isa = PBXFileReference; lastKnownFileType = sourcecode.swift; path = RemoteDataBaseManager.swift; sourceTree = "<group>"; };
		D7F5BE21280EEB0A000ACDD4 /* PushNotificationManager.swift */ = {isa = PBXFileReference; lastKnownFileType = sourcecode.swift; path = PushNotificationManager.swift; sourceTree = "<group>"; };
		D7FCD44828697FC400CE723E /* RemoteFileStorageManager.swift */ = {isa = PBXFileReference; lastKnownFileType = sourcecode.swift; path = RemoteFileStorageManager.swift; sourceTree = "<group>"; };
/* End PBXFileReference section */

/* Begin PBXFrameworksBuildPhase section */
		D75FD6592801C775001B1359 /* Frameworks */ = {
			isa = PBXFrameworksBuildPhase;
			buildActionMask = 2147483647;
			files = (
				D75E0BFA2811053500970308 /* Logger.framework in Frameworks */,
				D73FD4B52801D3AC00912D46 /* Models.framework in Frameworks */,
				521CB42B754A6018D5AB3AD6 /* Pods_Services.framework in Frameworks */,
				D75E0C252811983B00970308 /* Analytics.framework in Frameworks */,
			);
			runOnlyForDeploymentPostprocessing = 0;
		};
/* End PBXFrameworksBuildPhase section */

/* Begin PBXGroup section */
		133C22E0F04F10D67E4484CF /* Frameworks */ = {
			isa = PBXGroup;
			children = (
				D75E0C242811983B00970308 /* Analytics.framework */,
				D75E0BF92811053500970308 /* Logger.framework */,
				D73FD4B42801D3AC00912D46 /* Models.framework */,
				2BCD58D089B5C6DEF2585FC2 /* Pods_Services.framework */,
			);
			name = Frameworks;
			sourceTree = "<group>";
		};
		4E342AA5E39C58C14D45B742 /* Pods */ = {
			isa = PBXGroup;
			children = (
				B8093C7E054C9555C61FC9AA /* Pods-Services.debug.xcconfig */,
				1D16467F38E074859B093AC3 /* Pods-Services.release.xcconfig */,
			);
			name = Pods;
			path = ../../Pods;
			sourceTree = "<group>";
		};
		D75FD6522801C775001B1359 = {
			isa = PBXGroup;
			children = (
				D7D06B0F2822A50D0061EA01 /* Firebase.swift */,
				D7D06B0B2822A50D0061EA01 /* AuthManager */,
				D7D06B182822A5280061EA01 /* StorageManager.swift */,
				D7FCD44828697FC400CE723E /* RemoteFileStorageManager.swift */,
				D75FD67E2801D195001B1359 /* ConfigureManager.swift */,
				D70D5BE1284B2FCD0087E47F /* ImageCacheManager.swift */,
				D7D36DC428212B8400F3A118 /* RemoteDataBaseManager.swift */,
				D7F5BE21280EEB0A000ACDD4 /* PushNotificationManager.swift */,
				D75FD65D2801C775001B1359 /* Products */,
				133C22E0F04F10D67E4484CF /* Frameworks */,
				4E342AA5E39C58C14D45B742 /* Pods */,
			);
			sourceTree = "<group>";
		};
		D75FD65D2801C775001B1359 /* Products */ = {
			isa = PBXGroup;
			children = (
				D75FD65C2801C775001B1359 /* Services.framework */,
			);
			name = Products;
			sourceTree = "<group>";
		};
		D7D06B0B2822A50D0061EA01 /* AuthManager */ = {
			isa = PBXGroup;
			children = (
				D7D06B0C2822A50D0061EA01 /* SignInServices */,
				D7D06B102822A50D0061EA01 /* EncryptHandler.swift */,
				D7D06B112822A50D0061EA01 /* AuthManager.swift */,
			);
			path = AuthManager;
			sourceTree = "<group>";
		};
		D7D06B0C2822A50D0061EA01 /* SignInServices */ = {
			isa = PBXGroup;
			children = (
				D7D06B0D2822A50D0061EA01 /* Google.swift */,
				D7D06B0E2822A50D0061EA01 /* Facebook.swift */,
				D77F35BF2827A7AE0046D494 /* Apple.swift */,
			);
			path = SignInServices;
			sourceTree = "<group>";
		};
/* End PBXGroup section */

/* Begin PBXHeadersBuildPhase section */
		D75FD6572801C775001B1359 /* Headers */ = {
			isa = PBXHeadersBuildPhase;
			buildActionMask = 2147483647;
			files = (
			);
			runOnlyForDeploymentPostprocessing = 0;
		};
/* End PBXHeadersBuildPhase section */

/* Begin PBXNativeTarget section */
		D75FD65B2801C775001B1359 /* Services */ = {
			isa = PBXNativeTarget;
			buildConfigurationList = D75FD6632801C775001B1359 /* Build configuration list for PBXNativeTarget "Services" */;
			buildPhases = (
				4C5CD659B67517096CDDFFC3 /* [CP] Check Pods Manifest.lock */,
				D7317A98281A7A5C00CFB130 /* SwiftLint */,
				D75FD6572801C775001B1359 /* Headers */,
				D75FD6582801C775001B1359 /* Sources */,
				D75FD6592801C775001B1359 /* Frameworks */,
				D75FD65A2801C775001B1359 /* Resources */,
			);
			buildRules = (
			);
			dependencies = (
			);
			name = Services;
			productName = Services;
			productReference = D75FD65C2801C775001B1359 /* Services.framework */;
			productType = "com.apple.product-type.framework";
		};
/* End PBXNativeTarget section */

/* Begin PBXProject section */
		D75FD6532801C775001B1359 /* Project object */ = {
			isa = PBXProject;
			attributes = {
				BuildIndependentTargetsInParallel = 1;
				LastUpgradeCheck = 1330;
				TargetAttributes = {
					D75FD65B2801C775001B1359 = {
						CreatedOnToolsVersion = 13.3;
						LastSwiftMigration = 1330;
					};
				};
			};
			buildConfigurationList = D75FD6562801C775001B1359 /* Build configuration list for PBXProject "Services" */;
			compatibilityVersion = "Xcode 13.0";
			developmentRegion = en;
			hasScannedForEncodings = 0;
			knownRegions = (
				en,
				Base,
			);
			mainGroup = D75FD6522801C775001B1359;
			productRefGroup = D75FD65D2801C775001B1359 /* Products */;
			projectDirPath = "";
			projectRoot = "";
			targets = (
				D75FD65B2801C775001B1359 /* Services */,
			);
		};
/* End PBXProject section */

/* Begin PBXResourcesBuildPhase section */
		D75FD65A2801C775001B1359 /* Resources */ = {
			isa = PBXResourcesBuildPhase;
			buildActionMask = 2147483647;
			files = (
			);
			runOnlyForDeploymentPostprocessing = 0;
		};
/* End PBXResourcesBuildPhase section */

/* Begin PBXShellScriptBuildPhase section */
		4C5CD659B67517096CDDFFC3 /* [CP] Check Pods Manifest.lock */ = {
			isa = PBXShellScriptBuildPhase;
			buildActionMask = 2147483647;
			files = (
			);
			inputFileListPaths = (
			);
			inputPaths = (
				"${PODS_PODFILE_DIR_PATH}/Podfile.lock",
				"${PODS_ROOT}/Manifest.lock",
			);
			name = "[CP] Check Pods Manifest.lock";
			outputFileListPaths = (
			);
			outputPaths = (
				"$(DERIVED_FILE_DIR)/Pods-Services-checkManifestLockResult.txt",
			);
			runOnlyForDeploymentPostprocessing = 0;
			shellPath = /bin/sh;
			shellScript = "diff \"${PODS_PODFILE_DIR_PATH}/Podfile.lock\" \"${PODS_ROOT}/Manifest.lock\" > /dev/null\nif [ $? != 0 ] ; then\n    # print error to STDERR\n    echo \"error: The sandbox is not in sync with the Podfile.lock. Run 'pod install' or update your CocoaPods installation.\" >&2\n    exit 1\nfi\n# This output is used by Xcode 'outputs' to avoid re-running this script phase.\necho \"SUCCESS\" > \"${SCRIPT_OUTPUT_FILE_0}\"\n";
			showEnvVarsInLog = 0;
		};
		D7317A98281A7A5C00CFB130 /* SwiftLint */ = {
			isa = PBXShellScriptBuildPhase;
			alwaysOutOfDate = 1;
			buildActionMask = 2147483647;
			files = (
			);
			inputFileListPaths = (
			);
			inputPaths = (
			);
			name = SwiftLint;
			outputFileListPaths = (
			);
			outputPaths = (
			);
			runOnlyForDeploymentPostprocessing = 0;
			shellPath = /bin/sh;
			shellScript = "if which \"${PODS_ROOT}/SwiftLint/swiftlint\" >/dev/null; then\n    ${PODS_ROOT}/SwiftLint/swiftlint\nelse\n    echo \"warning: SwiftLint not installed, download from https://github.com/realm/SwiftLint\"\nfi\n";
		};
/* End PBXShellScriptBuildPhase section */

/* Begin PBXSourcesBuildPhase section */
		D75FD6582801C775001B1359 /* Sources */ = {
			isa = PBXSourcesBuildPhase;
			buildActionMask = 2147483647;
			files = (
				D7D06B152822A50D0061EA01 /* EncryptHandler.swift in Sources */,
				D7D36DC528212B8400F3A118 /* RemoteDataBaseManager.swift in Sources */,
				D7D06B142822A50D0061EA01 /* Firebase.swift in Sources */,
				D75FD6812801D195001B1359 /* ConfigureManager.swift in Sources */,
				D7D06B132822A50D0061EA01 /* Facebook.swift in Sources */,
				D7F5BE22280EEB0A000ACDD4 /* PushNotificationManager.swift in Sources */,
				D7D06B192822A5280061EA01 /* StorageManager.swift in Sources */,
				D7FCD44928697FC400CE723E /* RemoteFileStorageManager.swift in Sources */,
				D7D06B122822A50D0061EA01 /* Google.swift in Sources */,
				D7D06B162822A50D0061EA01 /* AuthManager.swift in Sources */,
				D70D5BE2284B2FCD0087E47F /* ImageCacheManager.swift in Sources */,
				D77F35C02827A7AE0046D494 /* Apple.swift in Sources */,
			);
			runOnlyForDeploymentPostprocessing = 0;
		};
/* End PBXSourcesBuildPhase section */

/* Begin XCBuildConfiguration section */
		D75FD6612801C775001B1359 /* Debug */ = {
			isa = XCBuildConfiguration;
			buildSettings = {
				ALWAYS_SEARCH_USER_PATHS = NO;
				CLANG_ANALYZER_NONNULL = YES;
				CLANG_ANALYZER_NUMBER_OBJECT_CONVERSION = YES_AGGRESSIVE;
				CLANG_CXX_LANGUAGE_STANDARD = "gnu++17";
				CLANG_ENABLE_MODULES = YES;
				CLANG_ENABLE_OBJC_ARC = YES;
				CLANG_ENABLE_OBJC_WEAK = YES;
				CLANG_WARN_BLOCK_CAPTURE_AUTORELEASING = YES;
				CLANG_WARN_BOOL_CONVERSION = YES;
				CLANG_WARN_COMMA = YES;
				CLANG_WARN_CONSTANT_CONVERSION = YES;
				CLANG_WARN_DEPRECATED_OBJC_IMPLEMENTATIONS = YES;
				CLANG_WARN_DIRECT_OBJC_ISA_USAGE = YES_ERROR;
				CLANG_WARN_DOCUMENTATION_COMMENTS = YES;
				CLANG_WARN_EMPTY_BODY = YES;
				CLANG_WARN_ENUM_CONVERSION = YES;
				CLANG_WARN_INFINITE_RECURSION = YES;
				CLANG_WARN_INT_CONVERSION = YES;
				CLANG_WARN_NON_LITERAL_NULL_CONVERSION = YES;
				CLANG_WARN_OBJC_IMPLICIT_RETAIN_SELF = YES;
				CLANG_WARN_OBJC_LITERAL_CONVERSION = YES;
				CLANG_WARN_OBJC_ROOT_CLASS = YES_ERROR;
				CLANG_WARN_QUOTED_INCLUDE_IN_FRAMEWORK_HEADER = YES;
				CLANG_WARN_RANGE_LOOP_ANALYSIS = YES;
				CLANG_WARN_STRICT_PROTOTYPES = YES;
				CLANG_WARN_SUSPICIOUS_MOVE = YES;
				CLANG_WARN_UNGUARDED_AVAILABILITY = YES_AGGRESSIVE;
				CLANG_WARN_UNREACHABLE_CODE = YES;
				CLANG_WARN__DUPLICATE_METHOD_MATCH = YES;
				COPY_PHASE_STRIP = NO;
				CURRENT_PROJECT_VERSION = 1;
				DEBUG_INFORMATION_FORMAT = dwarf;
				ENABLE_STRICT_OBJC_MSGSEND = YES;
				ENABLE_TESTABILITY = YES;
				GCC_C_LANGUAGE_STANDARD = gnu11;
				GCC_DYNAMIC_NO_PIC = NO;
				GCC_NO_COMMON_BLOCKS = YES;
				GCC_OPTIMIZATION_LEVEL = 0;
				GCC_PREPROCESSOR_DEFINITIONS = (
					"DEBUG=1",
					"$(inherited)",
				);
				GCC_WARN_64_TO_32_BIT_CONVERSION = YES;
				GCC_WARN_ABOUT_RETURN_TYPE = YES_ERROR;
				GCC_WARN_UNDECLARED_SELECTOR = YES;
				GCC_WARN_UNINITIALIZED_AUTOS = YES_AGGRESSIVE;
				GCC_WARN_UNUSED_FUNCTION = YES;
				GCC_WARN_UNUSED_VARIABLE = YES;
				IPHONEOS_DEPLOYMENT_TARGET = 13.0;
				MTL_ENABLE_DEBUG_INFO = INCLUDE_SOURCE;
				MTL_FAST_MATH = YES;
				ONLY_ACTIVE_ARCH = YES;
				SDKROOT = iphoneos;
				SWIFT_ACTIVE_COMPILATION_CONDITIONS = DEBUG;
				SWIFT_OPTIMIZATION_LEVEL = "-Onone";
				VERSIONING_SYSTEM = "apple-generic";
				VERSION_INFO_PREFIX = "";
			};
			name = Debug;
		};
		D75FD6622801C775001B1359 /* Release */ = {
			isa = XCBuildConfiguration;
			buildSettings = {
				ALWAYS_SEARCH_USER_PATHS = NO;
				CLANG_ANALYZER_NONNULL = YES;
				CLANG_ANALYZER_NUMBER_OBJECT_CONVERSION = YES_AGGRESSIVE;
				CLANG_CXX_LANGUAGE_STANDARD = "gnu++17";
				CLANG_ENABLE_MODULES = YES;
				CLANG_ENABLE_OBJC_ARC = YES;
				CLANG_ENABLE_OBJC_WEAK = YES;
				CLANG_WARN_BLOCK_CAPTURE_AUTORELEASING = YES;
				CLANG_WARN_BOOL_CONVERSION = YES;
				CLANG_WARN_COMMA = YES;
				CLANG_WARN_CONSTANT_CONVERSION = YES;
				CLANG_WARN_DEPRECATED_OBJC_IMPLEMENTATIONS = YES;
				CLANG_WARN_DIRECT_OBJC_ISA_USAGE = YES_ERROR;
				CLANG_WARN_DOCUMENTATION_COMMENTS = YES;
				CLANG_WARN_EMPTY_BODY = YES;
				CLANG_WARN_ENUM_CONVERSION = YES;
				CLANG_WARN_INFINITE_RECURSION = YES;
				CLANG_WARN_INT_CONVERSION = YES;
				CLANG_WARN_NON_LITERAL_NULL_CONVERSION = YES;
				CLANG_WARN_OBJC_IMPLICIT_RETAIN_SELF = YES;
				CLANG_WARN_OBJC_LITERAL_CONVERSION = YES;
				CLANG_WARN_OBJC_ROOT_CLASS = YES_ERROR;
				CLANG_WARN_QUOTED_INCLUDE_IN_FRAMEWORK_HEADER = YES;
				CLANG_WARN_RANGE_LOOP_ANALYSIS = YES;
				CLANG_WARN_STRICT_PROTOTYPES = YES;
				CLANG_WARN_SUSPICIOUS_MOVE = YES;
				CLANG_WARN_UNGUARDED_AVAILABILITY = YES_AGGRESSIVE;
				CLANG_WARN_UNREACHABLE_CODE = YES;
				CLANG_WARN__DUPLICATE_METHOD_MATCH = YES;
				COPY_PHASE_STRIP = NO;
				CURRENT_PROJECT_VERSION = 1;
				DEBUG_INFORMATION_FORMAT = "dwarf-with-dsym";
				ENABLE_NS_ASSERTIONS = NO;
				ENABLE_STRICT_OBJC_MSGSEND = YES;
				GCC_C_LANGUAGE_STANDARD = gnu11;
				GCC_NO_COMMON_BLOCKS = YES;
				GCC_WARN_64_TO_32_BIT_CONVERSION = YES;
				GCC_WARN_ABOUT_RETURN_TYPE = YES_ERROR;
				GCC_WARN_UNDECLARED_SELECTOR = YES;
				GCC_WARN_UNINITIALIZED_AUTOS = YES_AGGRESSIVE;
				GCC_WARN_UNUSED_FUNCTION = YES;
				GCC_WARN_UNUSED_VARIABLE = YES;
				IPHONEOS_DEPLOYMENT_TARGET = 13.0;
				MTL_ENABLE_DEBUG_INFO = NO;
				MTL_FAST_MATH = YES;
				SDKROOT = iphoneos;
				SWIFT_COMPILATION_MODE = wholemodule;
				SWIFT_OPTIMIZATION_LEVEL = "-O";
				VALIDATE_PRODUCT = YES;
				VERSIONING_SYSTEM = "apple-generic";
				VERSION_INFO_PREFIX = "";
			};
			name = Release;
		};
		D75FD6642801C775001B1359 /* Debug */ = {
			isa = XCBuildConfiguration;
			baseConfigurationReference = B8093C7E054C9555C61FC9AA /* Pods-Services.debug.xcconfig */;
			buildSettings = {
				CLANG_ALLOW_NON_MODULAR_INCLUDES_IN_FRAMEWORK_MODULES = NO;
				CLANG_ENABLE_MODULES = YES;
				CODE_SIGN_STYLE = Automatic;
				CURRENT_PROJECT_VERSION = 1;
				DEFINES_MODULE = YES;
				DEVELOPMENT_TEAM = PQ6LM8W269;
				DYLIB_COMPATIBILITY_VERSION = 1;
				DYLIB_CURRENT_VERSION = 1;
				DYLIB_INSTALL_NAME_BASE = "@rpath";
				GENERATE_INFOPLIST_FILE = YES;
				INFOPLIST_KEY_NSHumanReadableCopyright = "";
				INSTALL_PATH = "$(LOCAL_LIBRARY_DIR)/Frameworks";
				LD_RUNPATH_SEARCH_PATHS = (
					"$(inherited)",
					"@executable_path/Frameworks",
					"@loader_path/Frameworks",
				);
				MARKETING_VERSION = 1.0;
				PRODUCT_BUNDLE_IDENTIFIER = highlights.Services;
				PRODUCT_NAME = "$(TARGET_NAME:c99extidentifier)";
				SKIP_INSTALL = YES;
				SUPPORTS_MACCATALYST = NO;
				SWIFT_EMIT_LOC_STRINGS = YES;
				SWIFT_OPTIMIZATION_LEVEL = "-Onone";
				SWIFT_VERSION = 5.0;
				TARGETED_DEVICE_FAMILY = 1;
			};
			name = Debug;
		};
		D75FD6652801C775001B1359 /* Release */ = {
			isa = XCBuildConfiguration;
			baseConfigurationReference = 1D16467F38E074859B093AC3 /* Pods-Services.release.xcconfig */;
			buildSettings = {
				CLANG_ALLOW_NON_MODULAR_INCLUDES_IN_FRAMEWORK_MODULES = NO;
				CLANG_ENABLE_MODULES = YES;
				CODE_SIGN_STYLE = Automatic;
				CURRENT_PROJECT_VERSION = 1;
				DEFINES_MODULE = YES;
				DEVELOPMENT_TEAM = PQ6LM8W269;
				DYLIB_COMPATIBILITY_VERSION = 1;
				DYLIB_CURRENT_VERSION = 1;
				DYLIB_INSTALL_NAME_BASE = "@rpath";
				GENERATE_INFOPLIST_FILE = YES;
				INFOPLIST_KEY_NSHumanReadableCopyright = "";
				INSTALL_PATH = "$(LOCAL_LIBRARY_DIR)/Frameworks";
				LD_RUNPATH_SEARCH_PATHS = (
					"$(inherited)",
					"@executable_path/Frameworks",
					"@loader_path/Frameworks",
				);
				MARKETING_VERSION = 1.0;
				PRODUCT_BUNDLE_IDENTIFIER = highlights.Services;
				PRODUCT_NAME = "$(TARGET_NAME:c99extidentifier)";
				SKIP_INSTALL = YES;
				SUPPORTS_MACCATALYST = NO;
				SWIFT_EMIT_LOC_STRINGS = YES;
				SWIFT_VERSION = 5.0;
				TARGETED_DEVICE_FAMILY = 1;
			};
			name = Release;
		};
/* End XCBuildConfiguration section */

/* Begin XCConfigurationList section */
		D75FD6562801C775001B1359 /* Build configuration list for PBXProject "Services" */ = {
			isa = XCConfigurationList;
			buildConfigurations = (
				D75FD6612801C775001B1359 /* Debug */,
				D75FD6622801C775001B1359 /* Release */,
			);
			defaultConfigurationIsVisible = 0;
			defaultConfigurationName = Release;
		};
		D75FD6632801C775001B1359 /* Build configuration list for PBXNativeTarget "Services" */ = {
			isa = XCConfigurationList;
			buildConfigurations = (
				D75FD6642801C775001B1359 /* Debug */,
				D75FD6652801C775001B1359 /* Release */,
			);
			defaultConfigurationIsVisible = 0;
			defaultConfigurationName = Release;
		};
/* End XCConfigurationList section */
	};
	rootObject = D75FD6532801C775001B1359 /* Project object */;
}
