// !$*UTF8*$!
{
	archiveVersion = 1;
	classes = {
	};
	objectVersion = 55;
	objects = {

/* Begin PBXBuildFile section */
		8DCEAE50D5F62CECCC25FCAC /* Pods_MyChat.framework in Frameworks */ = {isa = PBXBuildFile; fileRef = EFD5AABB336A02E8BB3714C0 /* Pods_MyChat.framework */; };
		A101D58227B7750C00A38901 /* AppDelegate.swift in Sources */ = {isa = PBXBuildFile; fileRef = A101D58127B7750C00A38901 /* AppDelegate.swift */; };
		A101D58627B7750C00A38901 /* ChatsListViewController.swift in Sources */ = {isa = PBXBuildFile; fileRef = A101D58527B7750C00A38901 /* ChatsListViewController.swift */; };
		A101D58B27B7750C00A38901 /* Assets.xcassets in Resources */ = {isa = PBXBuildFile; fileRef = A101D58A27B7750C00A38901 /* Assets.xcassets */; };
		A101D58E27B7750C00A38901 /* LaunchScreen.storyboard in Resources */ = {isa = PBXBuildFile; fileRef = A101D58C27B7750C00A38901 /* LaunchScreen.storyboard */; };
		A101D5A127B776A900A38901 /* ChatsListViewModel.swift in Sources */ = {isa = PBXBuildFile; fileRef = A101D5A027B776A900A38901 /* ChatsListViewModel.swift */; };
		A101D5A327B7776C00A38901 /* TabBarController.swift in Sources */ = {isa = PBXBuildFile; fileRef = A101D5A227B7776C00A38901 /* TabBarController.swift */; };
		A101D5A727B777AA00A38901 /* ProfileViewController.swift in Sources */ = {isa = PBXBuildFile; fileRef = A101D5A627B777AA00A38901 /* ProfileViewController.swift */; };
		A101D5AA27B7788900A38901 /* PorfileViewModel.swift in Sources */ = {isa = PBXBuildFile; fileRef = A101D5A927B7788900A38901 /* PorfileViewModel.swift */; };
		A101D5AD27B778A900A38901 /* SplashViewController.swift in Sources */ = {isa = PBXBuildFile; fileRef = A101D5AC27B778A900A38901 /* SplashViewController.swift */; };
		A101D5AF27B778BC00A38901 /* SplashViewModel.swift in Sources */ = {isa = PBXBuildFile; fileRef = A101D5AE27B778BC00A38901 /* SplashViewModel.swift */; };
		A101D5B127B7790F00A38901 /* Coordinator.swift in Sources */ = {isa = PBXBuildFile; fileRef = A101D5B027B7790F00A38901 /* Coordinator.swift */; };
		A101D5B927B779C000A38901 /* ChatViewController.swift in Sources */ = {isa = PBXBuildFile; fileRef = A101D5B827B779C000A38901 /* ChatViewController.swift */; };
		A101D5BB27B77A1D00A38901 /* ChatViewModel.swift in Sources */ = {isa = PBXBuildFile; fileRef = A101D5BA27B77A1D00A38901 /* ChatViewModel.swift */; };
		A101D5C527B77D5B00A38901 /* ManagerFactory.swift in Sources */ = {isa = PBXBuildFile; fileRef = A101D5C427B77D5B00A38901 /* ManagerFactory.swift */; };
		A101D5C727B77D7F00A38901 /* ModuleFactory.swift in Sources */ = {isa = PBXBuildFile; fileRef = A101D5C627B77D7F00A38901 /* ModuleFactory.swift */; };
		A101D5C927B77F6400A38901 /* SplashModuleBuilder.swift in Sources */ = {isa = PBXBuildFile; fileRef = A101D5C827B77F6400A38901 /* SplashModuleBuilder.swift */; };
		A101D5CB27B7811100A38901 /* PorfileModuleBuilder.swift in Sources */ = {isa = PBXBuildFile; fileRef = A101D5CA27B7811100A38901 /* PorfileModuleBuilder.swift */; };
		A101D5CD27B7838800A38901 /* ChatsListModuleBuilder.swift in Sources */ = {isa = PBXBuildFile; fileRef = A101D5CC27B7838800A38901 /* ChatsListModuleBuilder.swift */; };
		A101D5CF27B783F100A38901 /* ChatModuleBuilder.swift in Sources */ = {isa = PBXBuildFile; fileRef = A101D5CE27B783F100A38901 /* ChatModuleBuilder.swift */; };
		A101D5D127B78B9C00A38901 /* AppAssembly.swift in Sources */ = {isa = PBXBuildFile; fileRef = A101D5D027B78B9C00A38901 /* AppAssembly.swift */; };
		A101D5D427B7A4BA00A38901 /* UIViewController + transitionHandler.swift in Sources */ = {isa = PBXBuildFile; fileRef = A101D5D327B7A4BA00A38901 /* UIViewController + transitionHandler.swift */; };
		A101D5D627B7A6D700A38901 /* TabBarControllerViewModel.swift in Sources */ = {isa = PBXBuildFile; fileRef = A101D5D527B7A6D700A38901 /* TabBarControllerViewModel.swift */; };
		A101D5D827B7A6F500A38901 /* TabBarControllerModuleBuilder.swift in Sources */ = {isa = PBXBuildFile; fileRef = A101D5D727B7A6F500A38901 /* TabBarControllerModuleBuilder.swift */; };
		A101D5DB27B9119F00A38901 /* Text.swift in Sources */ = {isa = PBXBuildFile; fileRef = A101D5DA27B9119F00A38901 /* Text.swift */; };
		A101D5DD27BA845900A38901 /* RegisterViewController.swift in Sources */ = {isa = PBXBuildFile; fileRef = A101D5DC27BA845900A38901 /* RegisterViewController.swift */; };
		A101D5E027BA846A00A38901 /* RegisterViewModel.swift in Sources */ = {isa = PBXBuildFile; fileRef = A101D5DF27BA846A00A38901 /* RegisterViewModel.swift */; };
		A101D5E227BA847200A38901 /* RegisterModuleBuilder.swift in Sources */ = {isa = PBXBuildFile; fileRef = A101D5E127BA847200A38901 /* RegisterModuleBuilder.swift */; };
		A101D5E427BA897E00A38901 /* UserDefaultsKey.swift in Sources */ = {isa = PBXBuildFile; fileRef = A101D5E327BA897E00A38901 /* UserDefaultsKey.swift */; };
		A101D5E627BA99E500A38901 /* NewChatViewController.swift in Sources */ = {isa = PBXBuildFile; fileRef = A101D5E527BA99E500A38901 /* NewChatViewController.swift */; };
		A101D5E827BA99EF00A38901 /* NewChatViewModel.swift in Sources */ = {isa = PBXBuildFile; fileRef = A101D5E727BA99EF00A38901 /* NewChatViewModel.swift */; };
		A101D5EA27BA99F500A38901 /* NewChatBuilder.swift in Sources */ = {isa = PBXBuildFile; fileRef = A101D5E927BA99F500A38901 /* NewChatBuilder.swift */; };
		A101D5ED27BAA0CC00A38901 /* GoogleService-Info.plist in Resources */ = {isa = PBXBuildFile; fileRef = A101D5EC27BAA0CC00A38901 /* GoogleService-Info.plist */; };
		D712809127EB2DCA00994433 /* RegisterDocOverview.swift in Sources */ = {isa = PBXBuildFile; fileRef = D712809027EB2DCA00994433 /* RegisterDocOverview.swift */; };
		D72FFE0727FC889A003F6E9A /* ChatsListUI.swift in Sources */ = {isa = PBXBuildFile; fileRef = D72FFE0627FC889A003F6E9A /* ChatsListUI.swift */; };
		D72FFE0D27FC8EBF003F6E9A /* ChatsListDocOverview.swift in Sources */ = {isa = PBXBuildFile; fileRef = D72FFE0C27FC8EBF003F6E9A /* ChatsListDocOverview.swift */; };
		D72FFE1427FDADD9003F6E9A /* Palette.swift in Sources */ = {isa = PBXBuildFile; fileRef = D72FFE1327FDADD9003F6E9A /* Palette.swift */; };
		D73BA30427FE94E900225B39 /* Resource.swift in Sources */ = {isa = PBXBuildFile; fileRef = D73BA30327FE94E900225B39 /* Resource.swift */; };
		D73BA30627FE9AB200225B39 /* ViewControllers.swift in Sources */ = {isa = PBXBuildFile; fileRef = D73BA30527FE9AB200225B39 /* ViewControllers.swift */; };
		D73FD4E82801D83B00912D46 /* UI.framework in Frameworks */ = {isa = PBXBuildFile; fileRef = D73FD4E72801D83B00912D46 /* UI.framework */; };
		D73FD4E92801D83B00912D46 /* UI.framework in Embed Frameworks */ = {isa = PBXBuildFile; fileRef = D73FD4E72801D83B00912D46 /* UI.framework */; settings = {ATTRIBUTES = (CodeSignOnCopy, RemoveHeadersOnCopy, ); }; };
		D746C27B27F1C814009416F7 /* RegisterUI.swift in Sources */ = {isa = PBXBuildFile; fileRef = D746C27A27F1C814009416F7 /* RegisterUI.swift */; };
		D74D044B27FAC6FE00222699 /* Fonts.swift in Sources */ = {isa = PBXBuildFile; fileRef = D74D044A27FAC6FE00222699 /* Fonts.swift */; };
		D75FD5FE28017363001B1359 /* (null) in Embed Frameworks */ = {isa = PBXBuildFile; settings = {ATTRIBUTES = (CodeSignOnCopy, RemoveHeadersOnCopy, ); }; };
		D75FD66C2801CD48001B1359 /* Services.framework in Frameworks */ = {isa = PBXBuildFile; fileRef = D75FD66B2801CD48001B1359 /* Services.framework */; };
		D75FD66D2801CD48001B1359 /* Services.framework in Embed Frameworks */ = {isa = PBXBuildFile; fileRef = D75FD66B2801CD48001B1359 /* Services.framework */; settings = {ATTRIBUTES = (CodeSignOnCopy, RemoveHeadersOnCopy, ); }; };
		D7708EE0280334BB00D1E41D /* Models.framework in Frameworks */ = {isa = PBXBuildFile; fileRef = D7708EDF280334BB00D1E41D /* Models.framework */; };
		D7708EE1280334BB00D1E41D /* Models.framework in Embed Frameworks */ = {isa = PBXBuildFile; fileRef = D7708EDF280334BB00D1E41D /* Models.framework */; settings = {ATTRIBUTES = (CodeSignOnCopy, RemoveHeadersOnCopy, ); }; };
		D7D15EF527FFF68C00072821 /* RegisterConstants.swift in Sources */ = {isa = PBXBuildFile; fileRef = D7D15EF427FFF68C00072821 /* RegisterConstants.swift */; };
		D7DE73B8280063BB00DF2037 /* Errors.swift in Sources */ = {isa = PBXBuildFile; fileRef = D7DE73B7280063BB00DF2037 /* Errors.swift */; };
/* End PBXBuildFile section */

/* Begin PBXCopyFilesBuildPhase section */
		D75FD5FF28017363001B1359 /* Embed Frameworks */ = {
			isa = PBXCopyFilesBuildPhase;
			buildActionMask = 2147483647;
			dstPath = "";
			dstSubfolderSpec = 10;
			files = (
				D7708EE1280334BB00D1E41D /* Models.framework in Embed Frameworks */,
				D73FD4E92801D83B00912D46 /* UI.framework in Embed Frameworks */,
				D75FD66D2801CD48001B1359 /* Services.framework in Embed Frameworks */,
				D75FD5FE28017363001B1359 /* (null) in Embed Frameworks */,
			);
			name = "Embed Frameworks";
			runOnlyForDeploymentPostprocessing = 0;
		};
/* End PBXCopyFilesBuildPhase section */

/* Begin PBXFileReference section */
		A101D57E27B7750C00A38901 /* MyChat.app */ = {isa = PBXFileReference; explicitFileType = wrapper.application; includeInIndex = 0; path = MyChat.app; sourceTree = BUILT_PRODUCTS_DIR; };
		A101D58127B7750C00A38901 /* AppDelegate.swift */ = {isa = PBXFileReference; lastKnownFileType = sourcecode.swift; path = AppDelegate.swift; sourceTree = "<group>"; };
		A101D58527B7750C00A38901 /* ChatsListViewController.swift */ = {isa = PBXFileReference; lastKnownFileType = sourcecode.swift; path = ChatsListViewController.swift; sourceTree = "<group>"; };
		A101D58A27B7750C00A38901 /* Assets.xcassets */ = {isa = PBXFileReference; lastKnownFileType = folder.assetcatalog; path = Assets.xcassets; sourceTree = "<group>"; };
		A101D58D27B7750C00A38901 /* Base */ = {isa = PBXFileReference; lastKnownFileType = file.storyboard; name = Base; path = Base.lproj/LaunchScreen.storyboard; sourceTree = "<group>"; };
		A101D58F27B7750C00A38901 /* Info.plist */ = {isa = PBXFileReference; lastKnownFileType = text.plist.xml; path = Info.plist; sourceTree = "<group>"; };
		A101D5A027B776A900A38901 /* ChatsListViewModel.swift */ = {isa = PBXFileReference; lastKnownFileType = sourcecode.swift; path = ChatsListViewModel.swift; sourceTree = "<group>"; };
		A101D5A227B7776C00A38901 /* TabBarController.swift */ = {isa = PBXFileReference; lastKnownFileType = sourcecode.swift; path = TabBarController.swift; sourceTree = "<group>"; };
		A101D5A627B777AA00A38901 /* ProfileViewController.swift */ = {isa = PBXFileReference; lastKnownFileType = sourcecode.swift; path = ProfileViewController.swift; sourceTree = "<group>"; };
		A101D5A927B7788900A38901 /* PorfileViewModel.swift */ = {isa = PBXFileReference; lastKnownFileType = sourcecode.swift; path = PorfileViewModel.swift; sourceTree = "<group>"; };
		A101D5AC27B778A900A38901 /* SplashViewController.swift */ = {isa = PBXFileReference; lastKnownFileType = sourcecode.swift; path = SplashViewController.swift; sourceTree = "<group>"; };
		A101D5AE27B778BC00A38901 /* SplashViewModel.swift */ = {isa = PBXFileReference; lastKnownFileType = sourcecode.swift; path = SplashViewModel.swift; sourceTree = "<group>"; };
		A101D5B027B7790F00A38901 /* Coordinator.swift */ = {isa = PBXFileReference; lastKnownFileType = sourcecode.swift; path = Coordinator.swift; sourceTree = "<group>"; };
		A101D5B827B779C000A38901 /* ChatViewController.swift */ = {isa = PBXFileReference; lastKnownFileType = sourcecode.swift; path = ChatViewController.swift; sourceTree = "<group>"; };
		A101D5BA27B77A1D00A38901 /* ChatViewModel.swift */ = {isa = PBXFileReference; lastKnownFileType = sourcecode.swift; path = ChatViewModel.swift; sourceTree = "<group>"; };
		A101D5C427B77D5B00A38901 /* ManagerFactory.swift */ = {isa = PBXFileReference; lastKnownFileType = sourcecode.swift; path = ManagerFactory.swift; sourceTree = "<group>"; };
		A101D5C627B77D7F00A38901 /* ModuleFactory.swift */ = {isa = PBXFileReference; lastKnownFileType = sourcecode.swift; path = ModuleFactory.swift; sourceTree = "<group>"; };
		A101D5C827B77F6400A38901 /* SplashModuleBuilder.swift */ = {isa = PBXFileReference; lastKnownFileType = sourcecode.swift; path = SplashModuleBuilder.swift; sourceTree = "<group>"; };
		A101D5CA27B7811100A38901 /* PorfileModuleBuilder.swift */ = {isa = PBXFileReference; lastKnownFileType = sourcecode.swift; path = PorfileModuleBuilder.swift; sourceTree = "<group>"; };
		A101D5CC27B7838800A38901 /* ChatsListModuleBuilder.swift */ = {isa = PBXFileReference; lastKnownFileType = sourcecode.swift; path = ChatsListModuleBuilder.swift; sourceTree = "<group>"; };
		A101D5CE27B783F100A38901 /* ChatModuleBuilder.swift */ = {isa = PBXFileReference; lastKnownFileType = sourcecode.swift; path = ChatModuleBuilder.swift; sourceTree = "<group>"; };
		A101D5D027B78B9C00A38901 /* AppAssembly.swift */ = {isa = PBXFileReference; lastKnownFileType = sourcecode.swift; path = AppAssembly.swift; sourceTree = "<group>"; };
		A101D5D327B7A4BA00A38901 /* UIViewController + transitionHandler.swift */ = {isa = PBXFileReference; lastKnownFileType = sourcecode.swift; path = "UIViewController + transitionHandler.swift"; sourceTree = "<group>"; };
		A101D5D527B7A6D700A38901 /* TabBarControllerViewModel.swift */ = {isa = PBXFileReference; lastKnownFileType = sourcecode.swift; path = TabBarControllerViewModel.swift; sourceTree = "<group>"; };
		A101D5D727B7A6F500A38901 /* TabBarControllerModuleBuilder.swift */ = {isa = PBXFileReference; lastKnownFileType = sourcecode.swift; path = TabBarControllerModuleBuilder.swift; sourceTree = "<group>"; };
		A101D5DA27B9119F00A38901 /* Text.swift */ = {isa = PBXFileReference; lastKnownFileType = sourcecode.swift; path = Text.swift; sourceTree = "<group>"; };
		A101D5DC27BA845900A38901 /* RegisterViewController.swift */ = {isa = PBXFileReference; lastKnownFileType = sourcecode.swift; path = RegisterViewController.swift; sourceTree = "<group>"; };
		A101D5DF27BA846A00A38901 /* RegisterViewModel.swift */ = {isa = PBXFileReference; lastKnownFileType = sourcecode.swift; path = RegisterViewModel.swift; sourceTree = "<group>"; };
		A101D5E127BA847200A38901 /* RegisterModuleBuilder.swift */ = {isa = PBXFileReference; lastKnownFileType = sourcecode.swift; path = RegisterModuleBuilder.swift; sourceTree = "<group>"; };
		A101D5E327BA897E00A38901 /* UserDefaultsKey.swift */ = {isa = PBXFileReference; lastKnownFileType = sourcecode.swift; path = UserDefaultsKey.swift; sourceTree = "<group>"; };
		A101D5E527BA99E500A38901 /* NewChatViewController.swift */ = {isa = PBXFileReference; lastKnownFileType = sourcecode.swift; path = NewChatViewController.swift; sourceTree = "<group>"; };
		A101D5E727BA99EF00A38901 /* NewChatViewModel.swift */ = {isa = PBXFileReference; lastKnownFileType = sourcecode.swift; path = NewChatViewModel.swift; sourceTree = "<group>"; };
		A101D5E927BA99F500A38901 /* NewChatBuilder.swift */ = {isa = PBXFileReference; lastKnownFileType = sourcecode.swift; path = NewChatBuilder.swift; sourceTree = "<group>"; };
		A101D5EC27BAA0CC00A38901 /* GoogleService-Info.plist */ = {isa = PBXFileReference; fileEncoding = 4; lastKnownFileType = text.plist.xml; path = "GoogleService-Info.plist"; sourceTree = "<group>"; };
		D6E88B8644C3DC22F1018455 /* Pods-MyChat.release.xcconfig */ = {isa = PBXFileReference; includeInIndex = 1; lastKnownFileType = text.xcconfig; name = "Pods-MyChat.release.xcconfig"; path = "Target Support Files/Pods-MyChat/Pods-MyChat.release.xcconfig"; sourceTree = "<group>"; };
		D712809027EB2DCA00994433 /* RegisterDocOverview.swift */ = {isa = PBXFileReference; lastKnownFileType = sourcecode.swift; path = RegisterDocOverview.swift; sourceTree = "<group>"; };
		D72FFE0627FC889A003F6E9A /* ChatsListUI.swift */ = {isa = PBXFileReference; lastKnownFileType = sourcecode.swift; path = ChatsListUI.swift; sourceTree = "<group>"; };
		D72FFE0C27FC8EBF003F6E9A /* ChatsListDocOverview.swift */ = {isa = PBXFileReference; lastKnownFileType = sourcecode.swift; path = ChatsListDocOverview.swift; sourceTree = "<group>"; };
		D72FFE1327FDADD9003F6E9A /* Palette.swift */ = {isa = PBXFileReference; lastKnownFileType = sourcecode.swift; path = Palette.swift; sourceTree = "<group>"; };
		D73BA30327FE94E900225B39 /* Resource.swift */ = {isa = PBXFileReference; lastKnownFileType = sourcecode.swift; path = Resource.swift; sourceTree = "<group>"; };
		D73BA30527FE9AB200225B39 /* ViewControllers.swift */ = {isa = PBXFileReference; lastKnownFileType = sourcecode.swift; path = ViewControllers.swift; sourceTree = "<group>"; };
		D73FD4E72801D83B00912D46 /* UI.framework */ = {isa = PBXFileReference; explicitFileType = wrapper.framework; path = UI.framework; sourceTree = BUILT_PRODUCTS_DIR; };
		D746C27A27F1C814009416F7 /* RegisterUI.swift */ = {isa = PBXFileReference; lastKnownFileType = sourcecode.swift; path = RegisterUI.swift; sourceTree = "<group>"; };
		D74D044A27FAC6FE00222699 /* Fonts.swift */ = {isa = PBXFileReference; lastKnownFileType = sourcecode.swift; path = Fonts.swift; sourceTree = "<group>"; };
		D75FD6682801CCDB001B1359 /* Pods_Services.framework */ = {isa = PBXFileReference; explicitFileType = wrapper.framework; path = Pods_Services.framework; sourceTree = BUILT_PRODUCTS_DIR; };
		D75FD66B2801CD48001B1359 /* Services.framework */ = {isa = PBXFileReference; explicitFileType = wrapper.framework; path = Services.framework; sourceTree = BUILT_PRODUCTS_DIR; };
		D7708EDF280334BB00D1E41D /* Models.framework */ = {isa = PBXFileReference; explicitFileType = wrapper.framework; path = Models.framework; sourceTree = BUILT_PRODUCTS_DIR; };
		D7D15EF427FFF68C00072821 /* RegisterConstants.swift */ = {isa = PBXFileReference; lastKnownFileType = sourcecode.swift; path = RegisterConstants.swift; sourceTree = "<group>"; };
		D7DE73B7280063BB00DF2037 /* Errors.swift */ = {isa = PBXFileReference; lastKnownFileType = sourcecode.swift; path = Errors.swift; sourceTree = "<group>"; };
		D7FCA07D28031E9A00AC1459 /* MyChat-Bridging-Header.h */ = {isa = PBXFileReference; lastKnownFileType = sourcecode.c.h; path = "MyChat-Bridging-Header.h"; sourceTree = "<group>"; };
		EF2636A111584643B0C5C36F /* Pods-MyChat.debug.xcconfig */ = {isa = PBXFileReference; includeInIndex = 1; lastKnownFileType = text.xcconfig; name = "Pods-MyChat.debug.xcconfig"; path = "Target Support Files/Pods-MyChat/Pods-MyChat.debug.xcconfig"; sourceTree = "<group>"; };
		EFD5AABB336A02E8BB3714C0 /* Pods_MyChat.framework */ = {isa = PBXFileReference; explicitFileType = wrapper.framework; includeInIndex = 0; path = Pods_MyChat.framework; sourceTree = BUILT_PRODUCTS_DIR; };
/* End PBXFileReference section */

/* Begin PBXFrameworksBuildPhase section */
		A101D57B27B7750C00A38901 /* Frameworks */ = {
			isa = PBXFrameworksBuildPhase;
			buildActionMask = 2147483647;
			files = (
				D7708EE0280334BB00D1E41D /* Models.framework in Frameworks */,
				D73FD4E82801D83B00912D46 /* UI.framework in Frameworks */,
				D75FD66C2801CD48001B1359 /* Services.framework in Frameworks */,
				8DCEAE50D5F62CECCC25FCAC /* Pods_MyChat.framework in Frameworks */,
			);
			runOnlyForDeploymentPostprocessing = 0;
		};
/* End PBXFrameworksBuildPhase section */

/* Begin PBXGroup section */
		8D89884A6872C86BB0CF73C6 /* Frameworks */ = {
			isa = PBXGroup;
			children = (
				D7708EDF280334BB00D1E41D /* Models.framework */,
				D73FD4E72801D83B00912D46 /* UI.framework */,
				D75FD66B2801CD48001B1359 /* Services.framework */,
				D75FD6682801CCDB001B1359 /* Pods_Services.framework */,
				EFD5AABB336A02E8BB3714C0 /* Pods_MyChat.framework */,
			);
			name = Frameworks;
			sourceTree = "<group>";
		};
		A101D57527B7750C00A38901 = {
			isa = PBXGroup;
			children = (
				A101D58027B7750C00A38901 /* MyChat */,
				A101D57F27B7750C00A38901 /* Products */,
				EEA65EAEA00387E28FABF1EB /* Pods */,
				8D89884A6872C86BB0CF73C6 /* Frameworks */,
			);
			sourceTree = "<group>";
		};
		A101D57F27B7750C00A38901 /* Products */ = {
			isa = PBXGroup;
			children = (
				A101D57E27B7750C00A38901 /* MyChat.app */,
			);
			name = Products;
			sourceTree = "<group>";
		};
		A101D58027B7750C00A38901 /* MyChat */ = {
			isa = PBXGroup;
			children = (
				A101D58F27B7750C00A38901 /* Info.plist */,
				A101D5EC27BAA0CC00A38901 /* GoogleService-Info.plist */,
				D7FCA07D28031E9A00AC1459 /* MyChat-Bridging-Header.h */,
				A101D59F27B7764900A38901 /* Source */,
				A101D59E27B7763A00A38901 /* Resources */,
			);
			path = MyChat;
			sourceTree = "<group>";
		};
		A101D59527B775ED00A38901 /* Delegates */ = {
			isa = PBXGroup;
			children = (
				A101D58127B7750C00A38901 /* AppDelegate.swift */,
			);
			path = Delegates;
			sourceTree = "<group>";
		};
		A101D59D27B7762600A38901 /* Modules */ = {
			isa = PBXGroup;
			children = (
				A101D5D927B7A7A200A38901 /* TabBarController */,
				A101D5AB27B7789E00A38901 /* Splash */,
				A101D5DE27BA845C00A38901 /* Register */,
				A101D5A427B7778600A38901 /* ChatsList */,
				A101D5EB27BA99FC00A38901 /* NewChat */,
				A101D5A527B7779D00A38901 /* Profile */,
				A101D5B727B779AF00A38901 /* Chat */,
			);
			path = Modules;
			sourceTree = "<group>";
		};
		A101D59E27B7763A00A38901 /* Resources */ = {
			isa = PBXGroup;
			children = (
				D7D15EEF27FEB50600072821 /* Common */,
				D7DE73B7280063BB00DF2037 /* Errors.swift */,
				A101D5DA27B9119F00A38901 /* Text.swift */,
				D74D044A27FAC6FE00222699 /* Fonts.swift */,
				D72FFE1327FDADD9003F6E9A /* Palette.swift */,
				A101D58A27B7750C00A38901 /* Assets.xcassets */,
			);
			path = Resources;
			sourceTree = "<group>";
		};
		A101D59F27B7764900A38901 /* Source */ = {
			isa = PBXGroup;
			children = (
				A101D5D027B78B9C00A38901 /* AppAssembly.swift */,
				A101D5B027B7790F00A38901 /* Coordinator.swift */,
				A101D5E327BA897E00A38901 /* UserDefaultsKey.swift */,
				A101D58C27B7750C00A38901 /* LaunchScreen.storyboard */,
				A101D59527B775ED00A38901 /* Delegates */,
				A101D5C327B77D5100A38901 /* Factories */,
				A101D59D27B7762600A38901 /* Modules */,
				A101D5D227B7A49D00A38901 /* Extensions */,
			);
			path = Source;
			sourceTree = "<group>";
		};
		A101D5A427B7778600A38901 /* ChatsList */ = {
			isa = PBXGroup;
			children = (
				D72FFE0C27FC8EBF003F6E9A /* ChatsListDocOverview.swift */,
				A101D5CC27B7838800A38901 /* ChatsListModuleBuilder.swift */,
				D72FFE0527FC87F4003F6E9A /* Module */,
			);
			path = ChatsList;
			sourceTree = "<group>";
		};
		A101D5A527B7779D00A38901 /* Profile */ = {
			isa = PBXGroup;
			children = (
				A101D5CA27B7811100A38901 /* PorfileModuleBuilder.swift */,
				A101D5A627B777AA00A38901 /* ProfileViewController.swift */,
				A101D5A927B7788900A38901 /* PorfileViewModel.swift */,
			);
			path = Profile;
			sourceTree = "<group>";
		};
		A101D5AB27B7789E00A38901 /* Splash */ = {
			isa = PBXGroup;
			children = (
				A101D5C827B77F6400A38901 /* SplashModuleBuilder.swift */,
				A101D5AC27B778A900A38901 /* SplashViewController.swift */,
				A101D5AE27B778BC00A38901 /* SplashViewModel.swift */,
			);
			path = Splash;
			sourceTree = "<group>";
		};
		A101D5B727B779AF00A38901 /* Chat */ = {
			isa = PBXGroup;
			children = (
				A101D5CE27B783F100A38901 /* ChatModuleBuilder.swift */,
				A101D5B827B779C000A38901 /* ChatViewController.swift */,
				A101D5BA27B77A1D00A38901 /* ChatViewModel.swift */,
			);
			path = Chat;
			sourceTree = "<group>";
		};
		A101D5C327B77D5100A38901 /* Factories */ = {
			isa = PBXGroup;
			children = (
				A101D5C627B77D7F00A38901 /* ModuleFactory.swift */,
				A101D5C427B77D5B00A38901 /* ManagerFactory.swift */,
			);
			path = Factories;
			sourceTree = "<group>";
		};
		A101D5D227B7A49D00A38901 /* Extensions */ = {
			isa = PBXGroup;
			children = (
				A101D5D327B7A4BA00A38901 /* UIViewController + transitionHandler.swift */,
			);
			path = Extensions;
			sourceTree = "<group>";
		};
		A101D5D927B7A7A200A38901 /* TabBarController */ = {
			isa = PBXGroup;
			children = (
				A101D5D727B7A6F500A38901 /* TabBarControllerModuleBuilder.swift */,
				A101D5A227B7776C00A38901 /* TabBarController.swift */,
				A101D5D527B7A6D700A38901 /* TabBarControllerViewModel.swift */,
			);
			path = TabBarController;
			sourceTree = "<group>";
		};
		A101D5DE27BA845C00A38901 /* Register */ = {
			isa = PBXGroup;
			children = (
				D712809027EB2DCA00994433 /* RegisterDocOverview.swift */,
				A101D5E127BA847200A38901 /* RegisterModuleBuilder.swift */,
				D746C27927F1C803009416F7 /* Module */,
			);
			path = Register;
			sourceTree = "<group>";
		};
		A101D5EB27BA99FC00A38901 /* NewChat */ = {
			isa = PBXGroup;
			children = (
				A101D5E927BA99F500A38901 /* NewChatBuilder.swift */,
				A101D5E527BA99E500A38901 /* NewChatViewController.swift */,
				A101D5E727BA99EF00A38901 /* NewChatViewModel.swift */,
			);
			path = NewChat;
			sourceTree = "<group>";
		};
		D72FFE0527FC87F4003F6E9A /* Module */ = {
			isa = PBXGroup;
			children = (
				D72FFE0627FC889A003F6E9A /* ChatsListUI.swift */,
				A101D58527B7750C00A38901 /* ChatsListViewController.swift */,
				A101D5A027B776A900A38901 /* ChatsListViewModel.swift */,
			);
			path = Module;
			sourceTree = "<group>";
		};
		D746C27927F1C803009416F7 /* Module */ = {
			isa = PBXGroup;
			children = (
				D7D15EF427FFF68C00072821 /* RegisterConstants.swift */,
				D746C27A27F1C814009416F7 /* RegisterUI.swift */,
				A101D5DC27BA845900A38901 /* RegisterViewController.swift */,
				A101D5DF27BA846A00A38901 /* RegisterViewModel.swift */,
			);
			path = Module;
			sourceTree = "<group>";
		};
		D7D15EEF27FEB50600072821 /* Common */ = {
			isa = PBXGroup;
			children = (
				D73BA30327FE94E900225B39 /* Resource.swift */,
				D73BA30527FE9AB200225B39 /* ViewControllers.swift */,
			);
			path = Common;
			sourceTree = "<group>";
		};
		EEA65EAEA00387E28FABF1EB /* Pods */ = {
			isa = PBXGroup;
			children = (
				EF2636A111584643B0C5C36F /* Pods-MyChat.debug.xcconfig */,
				D6E88B8644C3DC22F1018455 /* Pods-MyChat.release.xcconfig */,
			);
			path = Pods;
			sourceTree = "<group>";
		};
/* End PBXGroup section */

/* Begin PBXNativeTarget section */
		A101D57D27B7750C00A38901 /* MyChat */ = {
			isa = PBXNativeTarget;
			buildConfigurationList = A101D59227B7750C00A38901 /* Build configuration list for PBXNativeTarget "MyChat" */;
			buildPhases = (
				2131B7195660ED669279038D /* [CP] Check Pods Manifest.lock */,
				D7D2E01927EB29690038B82A /* SwiftLint */,
				A101D57A27B7750C00A38901 /* Sources */,
				A101D57B27B7750C00A38901 /* Frameworks */,
				A101D57C27B7750C00A38901 /* Resources */,
				D75FD5FF28017363001B1359 /* Embed Frameworks */,
				180E6BC433F5CB6106DBC888 /* [CP] Embed Pods Frameworks */,
			);
			buildRules = (
			);
			dependencies = (
			);
			name = MyChat;
			productName = MyChat;
			productReference = A101D57E27B7750C00A38901 /* MyChat.app */;
			productType = "com.apple.product-type.application";
		};
/* End PBXNativeTarget section */

/* Begin PBXProject section */
		A101D57627B7750C00A38901 /* Project object */ = {
			isa = PBXProject;
			attributes = {
				BuildIndependentTargetsInParallel = 1;
				LastSwiftUpdateCheck = 1330;
				LastUpgradeCheck = 1320;
				TargetAttributes = {
					A101D57D27B7750C00A38901 = {
						CreatedOnToolsVersion = 13.2.1;
						LastSwiftMigration = 1330;
					};
				};
			};
			buildConfigurationList = A101D57927B7750C00A38901 /* Build configuration list for PBXProject "MyChat" */;
			compatibilityVersion = "Xcode 13.0";
			developmentRegion = en;
			hasScannedForEncodings = 0;
			knownRegions = (
				en,
				Base,
			);
			mainGroup = A101D57527B7750C00A38901;
			productRefGroup = A101D57F27B7750C00A38901 /* Products */;
			projectDirPath = "";
			projectRoot = "";
			targets = (
				A101D57D27B7750C00A38901 /* MyChat */,
			);
		};
/* End PBXProject section */

/* Begin PBXResourcesBuildPhase section */
		A101D57C27B7750C00A38901 /* Resources */ = {
			isa = PBXResourcesBuildPhase;
			buildActionMask = 2147483647;
			files = (
				A101D58E27B7750C00A38901 /* LaunchScreen.storyboard in Resources */,
				A101D58B27B7750C00A38901 /* Assets.xcassets in Resources */,
				A101D5ED27BAA0CC00A38901 /* GoogleService-Info.plist in Resources */,
			);
			runOnlyForDeploymentPostprocessing = 0;
		};
/* End PBXResourcesBuildPhase section */

/* Begin PBXShellScriptBuildPhase section */
		180E6BC433F5CB6106DBC888 /* [CP] Embed Pods Frameworks */ = {
			isa = PBXShellScriptBuildPhase;
			buildActionMask = 2147483647;
			files = (
			);
			inputFileListPaths = (
				"${PODS_ROOT}/Target Support Files/Pods-MyChat/Pods-MyChat-frameworks-${CONFIGURATION}-input-files.xcfilelist",
			);
			name = "[CP] Embed Pods Frameworks";
			outputFileListPaths = (
				"${PODS_ROOT}/Target Support Files/Pods-MyChat/Pods-MyChat-frameworks-${CONFIGURATION}-output-files.xcfilelist",
			);
			runOnlyForDeploymentPostprocessing = 0;
			shellPath = /bin/sh;
			shellScript = "\"${PODS_ROOT}/Target Support Files/Pods-MyChat/Pods-MyChat-frameworks.sh\"\n";
			showEnvVarsInLog = 0;
		};
		2131B7195660ED669279038D /* [CP] Check Pods Manifest.lock */ = {
			isa = PBXShellScriptBuildPhase;
			buildActionMask = 2147483647;
			files = (
			);
			inputFileListPaths = (
			);
			inputPaths = (
				"${PODS_PODFILE_DIR_PATH}/Podfile.lock",
				"${PODS_ROOT}/Manifest.lock",
			);
			name = "[CP] Check Pods Manifest.lock";
			outputFileListPaths = (
			);
			outputPaths = (
				"$(DERIVED_FILE_DIR)/Pods-MyChat-checkManifestLockResult.txt",
			);
			runOnlyForDeploymentPostprocessing = 0;
			shellPath = /bin/sh;
			shellScript = "diff \"${PODS_PODFILE_DIR_PATH}/Podfile.lock\" \"${PODS_ROOT}/Manifest.lock\" > /dev/null\nif [ $? != 0 ] ; then\n    # print error to STDERR\n    echo \"error: The sandbox is not in sync with the Podfile.lock. Run 'pod install' or update your CocoaPods installation.\" >&2\n    exit 1\nfi\n# This output is used by Xcode 'outputs' to avoid re-running this script phase.\necho \"SUCCESS\" > \"${SCRIPT_OUTPUT_FILE_0}\"\n";
			showEnvVarsInLog = 0;
		};
		D7D2E01927EB29690038B82A /* SwiftLint */ = {
			isa = PBXShellScriptBuildPhase;
			buildActionMask = 12;
			files = (
			);
			inputFileListPaths = (
			);
			inputPaths = (
			);
			name = SwiftLint;
			outputFileListPaths = (
			);
			outputPaths = (
			);
			runOnlyForDeploymentPostprocessing = 0;
			shellPath = /bin/sh;
			shellScript = "if which \"${PODS_ROOT}/SwiftLint/swiftlint\" >/dev/null; then\n    ${PODS_ROOT}/SwiftLint/swiftlint\nelse\n    echo \"warning: SwiftLint not installed, download from https://github.com/realm/SwiftLint\"\nfi\n";
		};
/* End PBXShellScriptBuildPhase section */

/* Begin PBXSourcesBuildPhase section */
		A101D57A27B7750C00A38901 /* Sources */ = {
			isa = PBXSourcesBuildPhase;
			buildActionMask = 2147483647;
			files = (
				A101D5A727B777AA00A38901 /* ProfileViewController.swift in Sources */,
				A101D5E027BA846A00A38901 /* RegisterViewModel.swift in Sources */,
				A101D5C527B77D5B00A38901 /* ManagerFactory.swift in Sources */,
				A101D5E427BA897E00A38901 /* UserDefaultsKey.swift in Sources */,
				A101D5C727B77D7F00A38901 /* ModuleFactory.swift in Sources */,
				D72FFE0D27FC8EBF003F6E9A /* ChatsListDocOverview.swift in Sources */,
				A101D5C927B77F6400A38901 /* SplashModuleBuilder.swift in Sources */,
				D712809127EB2DCA00994433 /* RegisterDocOverview.swift in Sources */,
				A101D5EA27BA99F500A38901 /* NewChatBuilder.swift in Sources */,
				A101D5CD27B7838800A38901 /* ChatsListModuleBuilder.swift in Sources */,
				A101D58627B7750C00A38901 /* ChatsListViewController.swift in Sources */,
				A101D5E827BA99EF00A38901 /* NewChatViewModel.swift in Sources */,
				D7DE73B8280063BB00DF2037 /* Errors.swift in Sources */,
				A101D5B127B7790F00A38901 /* Coordinator.swift in Sources */,
				A101D5AA27B7788900A38901 /* PorfileViewModel.swift in Sources */,
				D746C27B27F1C814009416F7 /* RegisterUI.swift in Sources */,
				A101D5DB27B9119F00A38901 /* Text.swift in Sources */,
				A101D5AF27B778BC00A38901 /* SplashViewModel.swift in Sources */,
				A101D58227B7750C00A38901 /* AppDelegate.swift in Sources */,
				D73BA30627FE9AB200225B39 /* ViewControllers.swift in Sources */,
				A101D5E227BA847200A38901 /* RegisterModuleBuilder.swift in Sources */,
				A101D5BB27B77A1D00A38901 /* ChatViewModel.swift in Sources */,
				D73BA30427FE94E900225B39 /* Resource.swift in Sources */,
				A101D5A127B776A900A38901 /* ChatsListViewModel.swift in Sources */,
				A101D5D827B7A6F500A38901 /* TabBarControllerModuleBuilder.swift in Sources */,
				D7D15EF527FFF68C00072821 /* RegisterConstants.swift in Sources */,
				A101D5D627B7A6D700A38901 /* TabBarControllerViewModel.swift in Sources */,
				D74D044B27FAC6FE00222699 /* Fonts.swift in Sources */,
				A101D5E627BA99E500A38901 /* NewChatViewController.swift in Sources */,
				A101D5CB27B7811100A38901 /* PorfileModuleBuilder.swift in Sources */,
				A101D5CF27B783F100A38901 /* ChatModuleBuilder.swift in Sources */,
				D72FFE1427FDADD9003F6E9A /* Palette.swift in Sources */,
				A101D5B927B779C000A38901 /* ChatViewController.swift in Sources */,
				A101D5A327B7776C00A38901 /* TabBarController.swift in Sources */,
				A101D5D127B78B9C00A38901 /* AppAssembly.swift in Sources */,
				A101D5AD27B778A900A38901 /* SplashViewController.swift in Sources */,
				D72FFE0727FC889A003F6E9A /* ChatsListUI.swift in Sources */,
				A101D5D427B7A4BA00A38901 /* UIViewController + transitionHandler.swift in Sources */,
				A101D5DD27BA845900A38901 /* RegisterViewController.swift in Sources */,
			);
			runOnlyForDeploymentPostprocessing = 0;
		};
/* End PBXSourcesBuildPhase section */

/* Begin PBXVariantGroup section */
		A101D58C27B7750C00A38901 /* LaunchScreen.storyboard */ = {
			isa = PBXVariantGroup;
			children = (
				A101D58D27B7750C00A38901 /* Base */,
			);
			name = LaunchScreen.storyboard;
			sourceTree = "<group>";
		};
/* End PBXVariantGroup section */

/* Begin XCBuildConfiguration section */
		A101D59027B7750C00A38901 /* Debug */ = {
			isa = XCBuildConfiguration;
			buildSettings = {
				ALWAYS_SEARCH_USER_PATHS = NO;
				CLANG_ANALYZER_NONNULL = YES;
				CLANG_ANALYZER_NUMBER_OBJECT_CONVERSION = YES_AGGRESSIVE;
				CLANG_CXX_LANGUAGE_STANDARD = "gnu++17";
				CLANG_CXX_LIBRARY = "libc++";
				CLANG_ENABLE_MODULES = YES;
				CLANG_ENABLE_OBJC_ARC = YES;
				CLANG_ENABLE_OBJC_WEAK = YES;
				CLANG_WARN_BLOCK_CAPTURE_AUTORELEASING = YES;
				CLANG_WARN_BOOL_CONVERSION = YES;
				CLANG_WARN_COMMA = YES;
				CLANG_WARN_CONSTANT_CONVERSION = YES;
				CLANG_WARN_DEPRECATED_OBJC_IMPLEMENTATIONS = YES;
				CLANG_WARN_DIRECT_OBJC_ISA_USAGE = YES_ERROR;
				CLANG_WARN_DOCUMENTATION_COMMENTS = YES;
				CLANG_WARN_EMPTY_BODY = YES;
				CLANG_WARN_ENUM_CONVERSION = YES;
				CLANG_WARN_INFINITE_RECURSION = YES;
				CLANG_WARN_INT_CONVERSION = YES;
				CLANG_WARN_NON_LITERAL_NULL_CONVERSION = YES;
				CLANG_WARN_OBJC_IMPLICIT_RETAIN_SELF = YES;
				CLANG_WARN_OBJC_LITERAL_CONVERSION = YES;
				CLANG_WARN_OBJC_ROOT_CLASS = YES_ERROR;
				CLANG_WARN_QUOTED_INCLUDE_IN_FRAMEWORK_HEADER = YES;
				CLANG_WARN_RANGE_LOOP_ANALYSIS = YES;
				CLANG_WARN_STRICT_PROTOTYPES = YES;
				CLANG_WARN_SUSPICIOUS_MOVE = YES;
				CLANG_WARN_UNGUARDED_AVAILABILITY = YES_AGGRESSIVE;
				CLANG_WARN_UNREACHABLE_CODE = YES;
				CLANG_WARN__DUPLICATE_METHOD_MATCH = YES;
				COPY_PHASE_STRIP = NO;
				DEBUG_INFORMATION_FORMAT = dwarf;
				ENABLE_STRICT_OBJC_MSGSEND = YES;
				ENABLE_TESTABILITY = YES;
				GCC_C_LANGUAGE_STANDARD = gnu11;
				GCC_DYNAMIC_NO_PIC = NO;
				GCC_NO_COMMON_BLOCKS = YES;
				GCC_OPTIMIZATION_LEVEL = 0;
				GCC_PREPROCESSOR_DEFINITIONS = (
					"DEBUG=1",
					"$(inherited)",
				);
				GCC_WARN_64_TO_32_BIT_CONVERSION = YES;
				GCC_WARN_ABOUT_RETURN_TYPE = YES_ERROR;
				GCC_WARN_UNDECLARED_SELECTOR = YES;
				GCC_WARN_UNINITIALIZED_AUTOS = YES_AGGRESSIVE;
				GCC_WARN_UNUSED_FUNCTION = YES;
				GCC_WARN_UNUSED_VARIABLE = YES;
				IPHONEOS_DEPLOYMENT_TARGET = 13.0;
				MTL_ENABLE_DEBUG_INFO = INCLUDE_SOURCE;
				MTL_FAST_MATH = YES;
				ONLY_ACTIVE_ARCH = YES;
				SDKROOT = iphoneos;
				SWIFT_ACTIVE_COMPILATION_CONDITIONS = DEBUG;
				SWIFT_OBJC_BRIDGING_HEADER = "MyChat-Bridging-Header.h";
				SWIFT_OPTIMIZATION_LEVEL = "-Onone";
			};
			name = Debug;
		};
		A101D59127B7750C00A38901 /* Release */ = {
			isa = XCBuildConfiguration;
			buildSettings = {
				ALWAYS_SEARCH_USER_PATHS = NO;
				CLANG_ANALYZER_NONNULL = YES;
				CLANG_ANALYZER_NUMBER_OBJECT_CONVERSION = YES_AGGRESSIVE;
				CLANG_CXX_LANGUAGE_STANDARD = "gnu++17";
				CLANG_CXX_LIBRARY = "libc++";
				CLANG_ENABLE_MODULES = YES;
				CLANG_ENABLE_OBJC_ARC = YES;
				CLANG_ENABLE_OBJC_WEAK = YES;
				CLANG_WARN_BLOCK_CAPTURE_AUTORELEASING = YES;
				CLANG_WARN_BOOL_CONVERSION = YES;
				CLANG_WARN_COMMA = YES;
				CLANG_WARN_CONSTANT_CONVERSION = YES;
				CLANG_WARN_DEPRECATED_OBJC_IMPLEMENTATIONS = YES;
				CLANG_WARN_DIRECT_OBJC_ISA_USAGE = YES_ERROR;
				CLANG_WARN_DOCUMENTATION_COMMENTS = YES;
				CLANG_WARN_EMPTY_BODY = YES;
				CLANG_WARN_ENUM_CONVERSION = YES;
				CLANG_WARN_INFINITE_RECURSION = YES;
				CLANG_WARN_INT_CONVERSION = YES;
				CLANG_WARN_NON_LITERAL_NULL_CONVERSION = YES;
				CLANG_WARN_OBJC_IMPLICIT_RETAIN_SELF = YES;
				CLANG_WARN_OBJC_LITERAL_CONVERSION = YES;
				CLANG_WARN_OBJC_ROOT_CLASS = YES_ERROR;
				CLANG_WARN_QUOTED_INCLUDE_IN_FRAMEWORK_HEADER = YES;
				CLANG_WARN_RANGE_LOOP_ANALYSIS = YES;
				CLANG_WARN_STRICT_PROTOTYPES = YES;
				CLANG_WARN_SUSPICIOUS_MOVE = YES;
				CLANG_WARN_UNGUARDED_AVAILABILITY = YES_AGGRESSIVE;
				CLANG_WARN_UNREACHABLE_CODE = YES;
				CLANG_WARN__DUPLICATE_METHOD_MATCH = YES;
				COPY_PHASE_STRIP = NO;
				DEBUG_INFORMATION_FORMAT = "dwarf-with-dsym";
				ENABLE_NS_ASSERTIONS = NO;
				ENABLE_STRICT_OBJC_MSGSEND = YES;
				GCC_C_LANGUAGE_STANDARD = gnu11;
				GCC_NO_COMMON_BLOCKS = YES;
				GCC_WARN_64_TO_32_BIT_CONVERSION = YES;
				GCC_WARN_ABOUT_RETURN_TYPE = YES_ERROR;
				GCC_WARN_UNDECLARED_SELECTOR = YES;
				GCC_WARN_UNINITIALIZED_AUTOS = YES_AGGRESSIVE;
				GCC_WARN_UNUSED_FUNCTION = YES;
				GCC_WARN_UNUSED_VARIABLE = YES;
				IPHONEOS_DEPLOYMENT_TARGET = 13.0;
				MTL_ENABLE_DEBUG_INFO = NO;
				MTL_FAST_MATH = YES;
				SDKROOT = iphoneos;
				SWIFT_COMPILATION_MODE = wholemodule;
				SWIFT_OBJC_BRIDGING_HEADER = "MyChat-Bridging-Header.h";
				SWIFT_OPTIMIZATION_LEVEL = "-O";
				VALIDATE_PRODUCT = YES;
			};
			name = Release;
		};
		A101D59327B7750C00A38901 /* Debug */ = {
			isa = XCBuildConfiguration;
			baseConfigurationReference = EF2636A111584643B0C5C36F /* Pods-MyChat.debug.xcconfig */;
			buildSettings = {
				ASSETCATALOG_COMPILER_APPICON_NAME = AppIcon;
				ASSETCATALOG_COMPILER_GLOBAL_ACCENT_COLOR_NAME = AccentColor;
				CLANG_ENABLE_MODULES = YES;
				CODE_SIGN_STYLE = Automatic;
				CURRENT_PROJECT_VERSION = 1;
				DEVELOPMENT_TEAM = PQ6LM8W269;
				GENERATE_INFOPLIST_FILE = YES;
				INFOPLIST_FILE = MyChat/Info.plist;
				INFOPLIST_KEY_UIApplicationSupportsIndirectInputEvents = YES;
				INFOPLIST_KEY_UILaunchStoryboardName = LaunchScreen;
				INFOPLIST_KEY_UISupportedInterfaceOrientations = UIInterfaceOrientationPortrait;
				INFOPLIST_KEY_UISupportedInterfaceOrientations_iPad = "UIInterfaceOrientationPortrait UIInterfaceOrientationPortraitUpsideDown UIInterfaceOrientationLandscapeLeft UIInterfaceOrientationLandscapeRight";
				INFOPLIST_KEY_UISupportedInterfaceOrientations_iPhone = UIInterfaceOrientationPortrait;
				INFOPLIST_KEY_UIUserInterfaceStyle = Light;
				IPHONEOS_DEPLOYMENT_TARGET = 13.0;
				LD_RUNPATH_SEARCH_PATHS = (
					"$(inherited)",
					"@executable_path/Frameworks",
				);
				MARKETING_VERSION = 1.0;
				PRODUCT_BUNDLE_IDENTIFIER = Highlights.MyChat;
				PRODUCT_NAME = "$(TARGET_NAME)";
				SWIFT_EMIT_LOC_STRINGS = YES;
				SWIFT_OBJC_BRIDGING_HEADER = "MyChat/MyChat-Bridging-Header.h";
				SWIFT_OPTIMIZATION_LEVEL = "-Onone";
				SWIFT_VERSION = 5.0;
				TARGETED_DEVICE_FAMILY = 1;
			};
			name = Debug;
		};
		A101D59427B7750C00A38901 /* Release */ = {
			isa = XCBuildConfiguration;
			baseConfigurationReference = D6E88B8644C3DC22F1018455 /* Pods-MyChat.release.xcconfig */;
			buildSettings = {
				ASSETCATALOG_COMPILER_APPICON_NAME = AppIcon;
				ASSETCATALOG_COMPILER_GLOBAL_ACCENT_COLOR_NAME = AccentColor;
				CLANG_ENABLE_MODULES = YES;
				CODE_SIGN_STYLE = Automatic;
				CURRENT_PROJECT_VERSION = 1;
				DEVELOPMENT_TEAM = PQ6LM8W269;
				GENERATE_INFOPLIST_FILE = YES;
				INFOPLIST_FILE = MyChat/Info.plist;
				INFOPLIST_KEY_UIApplicationSupportsIndirectInputEvents = YES;
				INFOPLIST_KEY_UILaunchStoryboardName = LaunchScreen;
				INFOPLIST_KEY_UISupportedInterfaceOrientations = UIInterfaceOrientationPortrait;
				INFOPLIST_KEY_UISupportedInterfaceOrientations_iPad = "UIInterfaceOrientationPortrait UIInterfaceOrientationPortraitUpsideDown UIInterfaceOrientationLandscapeLeft UIInterfaceOrientationLandscapeRight";
				INFOPLIST_KEY_UISupportedInterfaceOrientations_iPhone = UIInterfaceOrientationPortrait;
				INFOPLIST_KEY_UIUserInterfaceStyle = Light;
				IPHONEOS_DEPLOYMENT_TARGET = 13.0;
				LD_RUNPATH_SEARCH_PATHS = (
					"$(inherited)",
					"@executable_path/Frameworks",
				);
				MARKETING_VERSION = 1.0;
				PRODUCT_BUNDLE_IDENTIFIER = Highlights.MyChat;
				PRODUCT_NAME = "$(TARGET_NAME)";
				SWIFT_EMIT_LOC_STRINGS = YES;
				SWIFT_OBJC_BRIDGING_HEADER = "MyChat/MyChat-Bridging-Header.h";
				SWIFT_VERSION = 5.0;
				TARGETED_DEVICE_FAMILY = 1;
			};
			name = Release;
		};
/* End XCBuildConfiguration section */

/* Begin XCConfigurationList section */
		A101D57927B7750C00A38901 /* Build configuration list for PBXProject "MyChat" */ = {
			isa = XCConfigurationList;
			buildConfigurations = (
				A101D59027B7750C00A38901 /* Debug */,
				A101D59127B7750C00A38901 /* Release */,
			);
			defaultConfigurationIsVisible = 0;
			defaultConfigurationName = Release;
		};
		A101D59227B7750C00A38901 /* Build configuration list for PBXNativeTarget "MyChat" */ = {
			isa = XCConfigurationList;
			buildConfigurations = (
				A101D59327B7750C00A38901 /* Debug */,
				A101D59427B7750C00A38901 /* Release */,
			);
			defaultConfigurationIsVisible = 0;
			defaultConfigurationName = Release;
		};
/* End XCConfigurationList section */
	};
	rootObject = A101D57627B7750C00A38901 /* Project object */;
}
